// !$*UTF8*$!
{
	archiveVersion = 1;
	classes = {
	};
	objectVersion = 51;
	objects = {

/* Begin PBXBuildFile section */
		09D9E64BC317A965E0A91ED5 /* Pods_MarvelCharacterListSample_MarvelCharacterListSampleUITests.framework in Frameworks */ = {isa = PBXBuildFile; fileRef = 978F9F94CC1A950D02BBFC5C /* Pods_MarvelCharacterListSample_MarvelCharacterListSampleUITests.framework */; };
		2D26930526E753A300673645 /* APIClient.swift in Sources */ = {isa = PBXBuildFile; fileRef = 2D26930426E753A300673645 /* APIClient.swift */; };
		2D26930626E753A300673645 /* APIClient.swift in Sources */ = {isa = PBXBuildFile; fileRef = 2D26930426E753A300673645 /* APIClient.swift */; };
		2D26930726E753A300673645 /* APIClient.swift in Sources */ = {isa = PBXBuildFile; fileRef = 2D26930426E753A300673645 /* APIClient.swift */; };
		2D26931A26E75EB300673645 /* URLManager.swift in Sources */ = {isa = PBXBuildFile; fileRef = 2D26931926E75EB300673645 /* URLManager.swift */; };
		2D26931B26E75EB300673645 /* URLManager.swift in Sources */ = {isa = PBXBuildFile; fileRef = 2D26931926E75EB300673645 /* URLManager.swift */; };
		2D26931C26E75EB300673645 /* URLManager.swift in Sources */ = {isa = PBXBuildFile; fileRef = 2D26931926E75EB300673645 /* URLManager.swift */; };
		2D26932426E75F0E00673645 /* Constants.swift in Sources */ = {isa = PBXBuildFile; fileRef = 2D26932326E75F0E00673645 /* Constants.swift */; };
		2D26932526E75F0E00673645 /* Constants.swift in Sources */ = {isa = PBXBuildFile; fileRef = 2D26932326E75F0E00673645 /* Constants.swift */; };
		2D26932626E75F0E00673645 /* Constants.swift in Sources */ = {isa = PBXBuildFile; fileRef = 2D26932326E75F0E00673645 /* Constants.swift */; };
		2D26932B26E75F4800673645 /* String+Crypto.swift in Sources */ = {isa = PBXBuildFile; fileRef = 2D26932A26E75F4800673645 /* String+Crypto.swift */; };
		2D26932C26E75F4800673645 /* String+Crypto.swift in Sources */ = {isa = PBXBuildFile; fileRef = 2D26932A26E75F4800673645 /* String+Crypto.swift */; };
		2D26932D26E75F4800673645 /* String+Crypto.swift in Sources */ = {isa = PBXBuildFile; fileRef = 2D26932A26E75F4800673645 /* String+Crypto.swift */; };
		2D3FA46D26E7638B001EA160 /* MarvelCharacterData.swift in Sources */ = {isa = PBXBuildFile; fileRef = 2D3FA46C26E7638B001EA160 /* MarvelCharacterData.swift */; };
		2D3FA48926E76A21001EA160 /* CommonStructures.swift in Sources */ = {isa = PBXBuildFile; fileRef = 2D3FA48826E76A21001EA160 /* CommonStructures.swift */; };
		2D58BCD226E2009B0025BD78 /* AppDelegate.swift in Sources */ = {isa = PBXBuildFile; fileRef = 2D58BCD126E2009B0025BD78 /* AppDelegate.swift */; };
		2D58BCDB26E2009D0025BD78 /* Assets.xcassets in Resources */ = {isa = PBXBuildFile; fileRef = 2D58BCDA26E2009D0025BD78 /* Assets.xcassets */; };
		2D58BCDE26E2009D0025BD78 /* LaunchScreen.storyboard in Resources */ = {isa = PBXBuildFile; fileRef = 2D58BCDC26E2009D0025BD78 /* LaunchScreen.storyboard */; };
		2D58BCE926E2009E0025BD78 /* MarvelCharacterListSampleTests.swift in Sources */ = {isa = PBXBuildFile; fileRef = 2D58BCE826E2009E0025BD78 /* MarvelCharacterListSampleTests.swift */; };
		2D58BCF426E2009E0025BD78 /* MarvelCharacterListSampleUITests.swift in Sources */ = {isa = PBXBuildFile; fileRef = 2D58BCF326E2009E0025BD78 /* MarvelCharacterListSampleUITests.swift */; };
		2DE00E3E26E237A30042A5C2 /* MarvelCharactersListsFactorable.swift in Sources */ = {isa = PBXBuildFile; fileRef = 2DE00E3726E237A30042A5C2 /* MarvelCharactersListsFactorable.swift */; };
		2DE00E3F26E237A30042A5C2 /* MarvelCharactersListsFactorable.swift in Sources */ = {isa = PBXBuildFile; fileRef = 2DE00E3726E237A30042A5C2 /* MarvelCharactersListsFactorable.swift */; };
		2DE00E4026E237A30042A5C2 /* MarvelCharactersListsFactorable.swift in Sources */ = {isa = PBXBuildFile; fileRef = 2DE00E3726E237A30042A5C2 /* MarvelCharactersListsFactorable.swift */; };
		2DE00E4126E237A30042A5C2 /* MarvelCharactersListsPresenter.swift in Sources */ = {isa = PBXBuildFile; fileRef = 2DE00E3826E237A30042A5C2 /* MarvelCharactersListsPresenter.swift */; };
		2DE00E4226E237A30042A5C2 /* MarvelCharactersListsPresenter.swift in Sources */ = {isa = PBXBuildFile; fileRef = 2DE00E3826E237A30042A5C2 /* MarvelCharactersListsPresenter.swift */; };
		2DE00E4326E237A30042A5C2 /* MarvelCharactersListsPresenter.swift in Sources */ = {isa = PBXBuildFile; fileRef = 2DE00E3826E237A30042A5C2 /* MarvelCharactersListsPresenter.swift */; };
		2DE00E4426E237A30042A5C2 /* MarvelCharactersListsRouter.swift in Sources */ = {isa = PBXBuildFile; fileRef = 2DE00E3926E237A30042A5C2 /* MarvelCharactersListsRouter.swift */; };
		2DE00E4526E237A30042A5C2 /* MarvelCharactersListsRouter.swift in Sources */ = {isa = PBXBuildFile; fileRef = 2DE00E3926E237A30042A5C2 /* MarvelCharactersListsRouter.swift */; };
		2DE00E4626E237A30042A5C2 /* MarvelCharactersListsRouter.swift in Sources */ = {isa = PBXBuildFile; fileRef = 2DE00E3926E237A30042A5C2 /* MarvelCharactersListsRouter.swift */; };
		2DE00E4726E237A30042A5C2 /* MarvelCharactersListsViewController.swift in Sources */ = {isa = PBXBuildFile; fileRef = 2DE00E3A26E237A30042A5C2 /* MarvelCharactersListsViewController.swift */; };
		2DE00E4826E237A30042A5C2 /* MarvelCharactersListsViewController.swift in Sources */ = {isa = PBXBuildFile; fileRef = 2DE00E3A26E237A30042A5C2 /* MarvelCharactersListsViewController.swift */; };
		2DE00E4926E237A30042A5C2 /* MarvelCharactersListsViewController.swift in Sources */ = {isa = PBXBuildFile; fileRef = 2DE00E3A26E237A30042A5C2 /* MarvelCharactersListsViewController.swift */; };
		2DE00E4A26E237A30042A5C2 /* MarvelCharactersListsInteractor.swift in Sources */ = {isa = PBXBuildFile; fileRef = 2DE00E3B26E237A30042A5C2 /* MarvelCharactersListsInteractor.swift */; };
		2DE00E4B26E237A30042A5C2 /* MarvelCharactersListsInteractor.swift in Sources */ = {isa = PBXBuildFile; fileRef = 2DE00E3B26E237A30042A5C2 /* MarvelCharactersListsInteractor.swift */; };
		2DE00E4C26E237A30042A5C2 /* MarvelCharactersListsInteractor.swift in Sources */ = {isa = PBXBuildFile; fileRef = 2DE00E3B26E237A30042A5C2 /* MarvelCharactersListsInteractor.swift */; };
		2DE00E5026E237A30042A5C2 /* MarvelCharactersListsModel.swift in Sources */ = {isa = PBXBuildFile; fileRef = 2DE00E3D26E237A30042A5C2 /* MarvelCharactersListsModel.swift */; };
		2DE00E5126E237A30042A5C2 /* MarvelCharactersListsModel.swift in Sources */ = {isa = PBXBuildFile; fileRef = 2DE00E3D26E237A30042A5C2 /* MarvelCharactersListsModel.swift */; };
		2DE00E5226E237A30042A5C2 /* MarvelCharactersListsModel.swift in Sources */ = {isa = PBXBuildFile; fileRef = 2DE00E3D26E237A30042A5C2 /* MarvelCharactersListsModel.swift */; };
		2DE00E5726E237DF0042A5C2 /* AppInjector.swift in Sources */ = {isa = PBXBuildFile; fileRef = 2DE00E5626E237DF0042A5C2 /* AppInjector.swift */; };
		2DE00E5826E237DF0042A5C2 /* AppInjector.swift in Sources */ = {isa = PBXBuildFile; fileRef = 2DE00E5626E237DF0042A5C2 /* AppInjector.swift */; };
		2DE00E5926E237DF0042A5C2 /* AppInjector.swift in Sources */ = {isa = PBXBuildFile; fileRef = 2DE00E5626E237DF0042A5C2 /* AppInjector.swift */; };
		2DE00E6226E242570042A5C2 /* MarvelCharactersListsView.xib in Resources */ = {isa = PBXBuildFile; fileRef = 2DE00E6126E242570042A5C2 /* MarvelCharactersListsView.xib */; };
		2DE00E6326E242570042A5C2 /* MarvelCharactersListsView.xib in Resources */ = {isa = PBXBuildFile; fileRef = 2DE00E6126E242570042A5C2 /* MarvelCharactersListsView.xib */; };
		2DE00E6426E242570042A5C2 /* MarvelCharactersListsView.xib in Resources */ = {isa = PBXBuildFile; fileRef = 2DE00E6126E242570042A5C2 /* MarvelCharactersListsView.xib */; };
		2DE00E7A26E6042E0042A5C2 /* BaseView.swift in Sources */ = {isa = PBXBuildFile; fileRef = 2DE00E7926E6042E0042A5C2 /* BaseView.swift */; };
		2DE00E7B26E6042E0042A5C2 /* BaseView.swift in Sources */ = {isa = PBXBuildFile; fileRef = 2DE00E7926E6042E0042A5C2 /* BaseView.swift */; };
		2DE00E7C26E6042E0042A5C2 /* BaseView.swift in Sources */ = {isa = PBXBuildFile; fileRef = 2DE00E7926E6042E0042A5C2 /* BaseView.swift */; };
		2DE00E8126E6044A0042A5C2 /* BaseViewController.swift in Sources */ = {isa = PBXBuildFile; fileRef = 2DE00E8026E6044A0042A5C2 /* BaseViewController.swift */; };
		2DE00E8226E6044A0042A5C2 /* BaseViewController.swift in Sources */ = {isa = PBXBuildFile; fileRef = 2DE00E8026E6044A0042A5C2 /* BaseViewController.swift */; };
		2DE00E8326E6044A0042A5C2 /* BaseViewController.swift in Sources */ = {isa = PBXBuildFile; fileRef = 2DE00E8026E6044A0042A5C2 /* BaseViewController.swift */; };
		2DE00E8826E6047A0042A5C2 /* UIView + Additions.swift in Sources */ = {isa = PBXBuildFile; fileRef = 2DE00E8726E6047A0042A5C2 /* UIView + Additions.swift */; };
		2DE00E8926E6047A0042A5C2 /* UIView + Additions.swift in Sources */ = {isa = PBXBuildFile; fileRef = 2DE00E8726E6047A0042A5C2 /* UIView + Additions.swift */; };
		2DE00E8A26E6047A0042A5C2 /* UIView + Additions.swift in Sources */ = {isa = PBXBuildFile; fileRef = 2DE00E8726E6047A0042A5C2 /* UIView + Additions.swift */; };
		2DE00EA026E6120D0042A5C2 /* CharactersTableViewCell.swift in Sources */ = {isa = PBXBuildFile; fileRef = 2DE00E9F26E6120D0042A5C2 /* CharactersTableViewCell.swift */; };
		2DE00EA126E6120D0042A5C2 /* CharactersTableViewCell.swift in Sources */ = {isa = PBXBuildFile; fileRef = 2DE00E9F26E6120D0042A5C2 /* CharactersTableViewCell.swift */; };
		2DE00EA226E6120D0042A5C2 /* CharactersTableViewCell.swift in Sources */ = {isa = PBXBuildFile; fileRef = 2DE00E9F26E6120D0042A5C2 /* CharactersTableViewCell.swift */; };
		2DFF21A926E62473001A2788 /* MarvelCharactersListsView.swift in Sources */ = {isa = PBXBuildFile; fileRef = 2DFF21A826E62473001A2788 /* MarvelCharactersListsView.swift */; };
		2DFF21C526E6323D001A2788 /* CharactersTableViewCell.xib in Resources */ = {isa = PBXBuildFile; fileRef = 2DFF21C426E6323D001A2788 /* CharactersTableViewCell.xib */; };
		34C09DF61737F4B78AE9B1B1 /* Pods_MarvelCharacterListSampleTests.framework in Frameworks */ = {isa = PBXBuildFile; fileRef = 6D76C0CA094CFBEBDFFF88B9 /* Pods_MarvelCharacterListSampleTests.framework */; };
		F2CD65ADF7F56D118D7E369E /* Pods_MarvelCharacterListSample.framework in Frameworks */ = {isa = PBXBuildFile; fileRef = 31FFF94326A400E69A313585 /* Pods_MarvelCharacterListSample.framework */; };
/* End PBXBuildFile section */

/* Begin PBXContainerItemProxy section */
		2D58BCE526E2009E0025BD78 /* PBXContainerItemProxy */ = {
			isa = PBXContainerItemProxy;
			containerPortal = 2D58BCC626E2009B0025BD78 /* Project object */;
			proxyType = 1;
			remoteGlobalIDString = 2D58BCCD26E2009B0025BD78;
			remoteInfo = MarvelCharacterListSample;
		};
		2D58BCF026E2009E0025BD78 /* PBXContainerItemProxy */ = {
			isa = PBXContainerItemProxy;
			containerPortal = 2D58BCC626E2009B0025BD78 /* Project object */;
			proxyType = 1;
			remoteGlobalIDString = 2D58BCCD26E2009B0025BD78;
			remoteInfo = MarvelCharacterListSample;
		};
/* End PBXContainerItemProxy section */

/* Begin PBXFileReference section */
		2D26930426E753A300673645 /* APIClient.swift */ = {isa = PBXFileReference; lastKnownFileType = sourcecode.swift; path = APIClient.swift; sourceTree = "<group>"; };
		2D26931926E75EB300673645 /* URLManager.swift */ = {isa = PBXFileReference; lastKnownFileType = sourcecode.swift; path = URLManager.swift; sourceTree = "<group>"; };
		2D26932326E75F0E00673645 /* Constants.swift */ = {isa = PBXFileReference; lastKnownFileType = sourcecode.swift; path = Constants.swift; sourceTree = "<group>"; };
		2D26932A26E75F4800673645 /* String+Crypto.swift */ = {isa = PBXFileReference; lastKnownFileType = sourcecode.swift; path = "String+Crypto.swift"; sourceTree = "<group>"; };
		2D3FA46C26E7638B001EA160 /* MarvelCharacterData.swift */ = {isa = PBXFileReference; lastKnownFileType = sourcecode.swift; path = MarvelCharacterData.swift; sourceTree = "<group>"; };
		2D3FA48826E76A21001EA160 /* CommonStructures.swift */ = {isa = PBXFileReference; lastKnownFileType = sourcecode.swift; path = CommonStructures.swift; sourceTree = "<group>"; };
		2D58BCCE26E2009B0025BD78 /* MarvelCharacterListSample.app */ = {isa = PBXFileReference; explicitFileType = wrapper.application; includeInIndex = 0; path = MarvelCharacterListSample.app; sourceTree = BUILT_PRODUCTS_DIR; };
		2D58BCD126E2009B0025BD78 /* AppDelegate.swift */ = {isa = PBXFileReference; lastKnownFileType = sourcecode.swift; path = AppDelegate.swift; sourceTree = "<group>"; };
		2D58BCDA26E2009D0025BD78 /* Assets.xcassets */ = {isa = PBXFileReference; lastKnownFileType = folder.assetcatalog; path = Assets.xcassets; sourceTree = "<group>"; };
		2D58BCDD26E2009D0025BD78 /* Base */ = {isa = PBXFileReference; lastKnownFileType = file.storyboard; name = Base; path = Base.lproj/LaunchScreen.storyboard; sourceTree = "<group>"; };
		2D58BCDF26E2009E0025BD78 /* Info.plist */ = {isa = PBXFileReference; lastKnownFileType = text.plist.xml; path = Info.plist; sourceTree = "<group>"; };
		2D58BCE426E2009E0025BD78 /* MarvelCharacterListSampleTests.xctest */ = {isa = PBXFileReference; explicitFileType = wrapper.cfbundle; includeInIndex = 0; path = MarvelCharacterListSampleTests.xctest; sourceTree = BUILT_PRODUCTS_DIR; };
		2D58BCE826E2009E0025BD78 /* MarvelCharacterListSampleTests.swift */ = {isa = PBXFileReference; lastKnownFileType = sourcecode.swift; path = MarvelCharacterListSampleTests.swift; sourceTree = "<group>"; };
		2D58BCEA26E2009E0025BD78 /* Info.plist */ = {isa = PBXFileReference; lastKnownFileType = text.plist.xml; path = Info.plist; sourceTree = "<group>"; };
		2D58BCEF26E2009E0025BD78 /* MarvelCharacterListSampleUITests.xctest */ = {isa = PBXFileReference; explicitFileType = wrapper.cfbundle; includeInIndex = 0; path = MarvelCharacterListSampleUITests.xctest; sourceTree = BUILT_PRODUCTS_DIR; };
		2D58BCF326E2009E0025BD78 /* MarvelCharacterListSampleUITests.swift */ = {isa = PBXFileReference; lastKnownFileType = sourcecode.swift; path = MarvelCharacterListSampleUITests.swift; sourceTree = "<group>"; };
		2D58BCF526E2009E0025BD78 /* Info.plist */ = {isa = PBXFileReference; lastKnownFileType = text.plist.xml; path = Info.plist; sourceTree = "<group>"; };
		2DE00E3726E237A30042A5C2 /* MarvelCharactersListsFactorable.swift */ = {isa = PBXFileReference; lastKnownFileType = sourcecode.swift; path = MarvelCharactersListsFactorable.swift; sourceTree = "<group>"; };
		2DE00E3826E237A30042A5C2 /* MarvelCharactersListsPresenter.swift */ = {isa = PBXFileReference; lastKnownFileType = sourcecode.swift; path = MarvelCharactersListsPresenter.swift; sourceTree = "<group>"; };
		2DE00E3926E237A30042A5C2 /* MarvelCharactersListsRouter.swift */ = {isa = PBXFileReference; lastKnownFileType = sourcecode.swift; path = MarvelCharactersListsRouter.swift; sourceTree = "<group>"; };
		2DE00E3A26E237A30042A5C2 /* MarvelCharactersListsViewController.swift */ = {isa = PBXFileReference; lastKnownFileType = sourcecode.swift; path = MarvelCharactersListsViewController.swift; sourceTree = "<group>"; };
		2DE00E3B26E237A30042A5C2 /* MarvelCharactersListsInteractor.swift */ = {isa = PBXFileReference; lastKnownFileType = sourcecode.swift; path = MarvelCharactersListsInteractor.swift; sourceTree = "<group>"; };
		2DE00E3D26E237A30042A5C2 /* MarvelCharactersListsModel.swift */ = {isa = PBXFileReference; lastKnownFileType = sourcecode.swift; path = MarvelCharactersListsModel.swift; sourceTree = "<group>"; };
		2DE00E5626E237DF0042A5C2 /* AppInjector.swift */ = {isa = PBXFileReference; lastKnownFileType = sourcecode.swift; path = AppInjector.swift; sourceTree = "<group>"; };
		2DE00E6126E242570042A5C2 /* MarvelCharactersListsView.xib */ = {isa = PBXFileReference; lastKnownFileType = file.xib; path = MarvelCharactersListsView.xib; sourceTree = "<group>"; };
		2DE00E7926E6042E0042A5C2 /* BaseView.swift */ = {isa = PBXFileReference; lastKnownFileType = sourcecode.swift; path = BaseView.swift; sourceTree = "<group>"; };
		2DE00E8026E6044A0042A5C2 /* BaseViewController.swift */ = {isa = PBXFileReference; lastKnownFileType = sourcecode.swift; path = BaseViewController.swift; sourceTree = "<group>"; };
		2DE00E8726E6047A0042A5C2 /* UIView + Additions.swift */ = {isa = PBXFileReference; lastKnownFileType = sourcecode.swift; path = "UIView + Additions.swift"; sourceTree = "<group>"; };
		2DE00E9F26E6120D0042A5C2 /* CharactersTableViewCell.swift */ = {isa = PBXFileReference; lastKnownFileType = sourcecode.swift; path = CharactersTableViewCell.swift; sourceTree = "<group>"; };
		2DFF21A826E62473001A2788 /* MarvelCharactersListsView.swift */ = {isa = PBXFileReference; fileEncoding = 4; lastKnownFileType = sourcecode.swift; path = MarvelCharactersListsView.swift; sourceTree = "<group>"; };
		2DFF21C426E6323D001A2788 /* CharactersTableViewCell.xib */ = {isa = PBXFileReference; lastKnownFileType = file.xib; path = CharactersTableViewCell.xib; sourceTree = "<group>"; };
		31FFF94326A400E69A313585 /* Pods_MarvelCharacterListSample.framework */ = {isa = PBXFileReference; explicitFileType = wrapper.framework; includeInIndex = 0; path = Pods_MarvelCharacterListSample.framework; sourceTree = BUILT_PRODUCTS_DIR; };
		348F6826C9CFF1E8415B9B7D /* Pods-MarvelCharacterListSample-MarvelCharacterListSampleUITests.debug.xcconfig */ = {isa = PBXFileReference; includeInIndex = 1; lastKnownFileType = text.xcconfig; name = "Pods-MarvelCharacterListSample-MarvelCharacterListSampleUITests.debug.xcconfig"; path = "Target Support Files/Pods-MarvelCharacterListSample-MarvelCharacterListSampleUITests/Pods-MarvelCharacterListSample-MarvelCharacterListSampleUITests.debug.xcconfig"; sourceTree = "<group>"; };
		5083BA9E5FE716070E7A5802 /* Pods-MarvelCharacterListSample.debug.xcconfig */ = {isa = PBXFileReference; includeInIndex = 1; lastKnownFileType = text.xcconfig; name = "Pods-MarvelCharacterListSample.debug.xcconfig"; path = "Target Support Files/Pods-MarvelCharacterListSample/Pods-MarvelCharacterListSample.debug.xcconfig"; sourceTree = "<group>"; };
		6D76C0CA094CFBEBDFFF88B9 /* Pods_MarvelCharacterListSampleTests.framework */ = {isa = PBXFileReference; explicitFileType = wrapper.framework; includeInIndex = 0; path = Pods_MarvelCharacterListSampleTests.framework; sourceTree = BUILT_PRODUCTS_DIR; };
		978F9F94CC1A950D02BBFC5C /* Pods_MarvelCharacterListSample_MarvelCharacterListSampleUITests.framework */ = {isa = PBXFileReference; explicitFileType = wrapper.framework; includeInIndex = 0; path = Pods_MarvelCharacterListSample_MarvelCharacterListSampleUITests.framework; sourceTree = BUILT_PRODUCTS_DIR; };
		AC7D9F6637B9C8E44D541561 /* Pods-MarvelCharacterListSample-MarvelCharacterListSampleUITests.release.xcconfig */ = {isa = PBXFileReference; includeInIndex = 1; lastKnownFileType = text.xcconfig; name = "Pods-MarvelCharacterListSample-MarvelCharacterListSampleUITests.release.xcconfig"; path = "Target Support Files/Pods-MarvelCharacterListSample-MarvelCharacterListSampleUITests/Pods-MarvelCharacterListSample-MarvelCharacterListSampleUITests.release.xcconfig"; sourceTree = "<group>"; };
		C23D0F943418157F7E032FB5 /* Pods-MarvelCharacterListSample.release.xcconfig */ = {isa = PBXFileReference; includeInIndex = 1; lastKnownFileType = text.xcconfig; name = "Pods-MarvelCharacterListSample.release.xcconfig"; path = "Target Support Files/Pods-MarvelCharacterListSample/Pods-MarvelCharacterListSample.release.xcconfig"; sourceTree = "<group>"; };
		D6575DF0B23A7D965CAD5CC1 /* Pods-MarvelCharacterListSampleTests.release.xcconfig */ = {isa = PBXFileReference; includeInIndex = 1; lastKnownFileType = text.xcconfig; name = "Pods-MarvelCharacterListSampleTests.release.xcconfig"; path = "Target Support Files/Pods-MarvelCharacterListSampleTests/Pods-MarvelCharacterListSampleTests.release.xcconfig"; sourceTree = "<group>"; };
		E3A3E63F82C0802010AADA20 /* Pods-MarvelCharacterListSampleTests.debug.xcconfig */ = {isa = PBXFileReference; includeInIndex = 1; lastKnownFileType = text.xcconfig; name = "Pods-MarvelCharacterListSampleTests.debug.xcconfig"; path = "Target Support Files/Pods-MarvelCharacterListSampleTests/Pods-MarvelCharacterListSampleTests.debug.xcconfig"; sourceTree = "<group>"; };
/* End PBXFileReference section */

/* Begin PBXFrameworksBuildPhase section */
		2D58BCCB26E2009B0025BD78 /* Frameworks */ = {
			isa = PBXFrameworksBuildPhase;
			buildActionMask = 2147483647;
			files = (
				F2CD65ADF7F56D118D7E369E /* Pods_MarvelCharacterListSample.framework in Frameworks */,
			);
			runOnlyForDeploymentPostprocessing = 0;
		};
		2D58BCE126E2009E0025BD78 /* Frameworks */ = {
			isa = PBXFrameworksBuildPhase;
			buildActionMask = 2147483647;
			files = (
				34C09DF61737F4B78AE9B1B1 /* Pods_MarvelCharacterListSampleTests.framework in Frameworks */,
			);
			runOnlyForDeploymentPostprocessing = 0;
		};
		2D58BCEC26E2009E0025BD78 /* Frameworks */ = {
			isa = PBXFrameworksBuildPhase;
			buildActionMask = 2147483647;
			files = (
				09D9E64BC317A965E0A91ED5 /* Pods_MarvelCharacterListSample_MarvelCharacterListSampleUITests.framework in Frameworks */,
			);
			runOnlyForDeploymentPostprocessing = 0;
		};
/* End PBXFrameworksBuildPhase section */

/* Begin PBXGroup section */
		2D26930126E7536C00673645 /* Services */ = {
			isa = PBXGroup;
			children = (
				2D26930326E7537C00673645 /* API */,
				2D26930226E7537300673645 /* Models */,
			);
			path = Services;
			sourceTree = "<group>";
		};
		2D26930226E7537300673645 /* Models */ = {
			isa = PBXGroup;
			children = (
				2D3FA46C26E7638B001EA160 /* MarvelCharacterData.swift */,
				2D3FA48826E76A21001EA160 /* CommonStructures.swift */,
			);
			path = Models;
			sourceTree = "<group>";
		};
		2D26930326E7537C00673645 /* API */ = {
			isa = PBXGroup;
			children = (
				2D26930426E753A300673645 /* APIClient.swift */,
			);
			path = API;
			sourceTree = "<group>";
		};
		2D26931826E75EA300673645 /* Manager */ = {
			isa = PBXGroup;
			children = (
				2D26931926E75EB300673645 /* URLManager.swift */,
			);
			path = Manager;
			sourceTree = "<group>";
		};
		2D58BCC526E2009B0025BD78 = {
			isa = PBXGroup;
			children = (
				2D58BCD026E2009B0025BD78 /* MarvelCharacterListSample */,
				2D58BCE726E2009E0025BD78 /* MarvelCharacterListSampleTests */,
				2D58BCF226E2009E0025BD78 /* MarvelCharacterListSampleUITests */,
				2D58BCCF26E2009B0025BD78 /* Products */,
				78AAFC1E6933059FA29A2220 /* Pods */,
				D3ACBE7DDD15F6145A42814B /* Frameworks */,
			);
			sourceTree = "<group>";
		};
		2D58BCCF26E2009B0025BD78 /* Products */ = {
			isa = PBXGroup;
			children = (
				2D58BCCE26E2009B0025BD78 /* MarvelCharacterListSample.app */,
				2D58BCE426E2009E0025BD78 /* MarvelCharacterListSampleTests.xctest */,
				2D58BCEF26E2009E0025BD78 /* MarvelCharacterListSampleUITests.xctest */,
			);
			name = Products;
			sourceTree = "<group>";
		};
		2D58BCD026E2009B0025BD78 /* MarvelCharacterListSample */ = {
			isa = PBXGroup;
			children = (
				2DE00E9126E605F70042A5C2 /* Commons */,
				2D58BCD126E2009B0025BD78 /* AppDelegate.swift */,
				2D58BCDC26E2009D0025BD78 /* LaunchScreen.storyboard */,
				2D58BCDF26E2009E0025BD78 /* Info.plist */,
				2DE00E5626E237DF0042A5C2 /* AppInjector.swift */,
				2DE00E5D26E2421F0042A5C2 /* CharactersList */,
			);
			path = MarvelCharacterListSample;
			sourceTree = "<group>";
		};
		2D58BCE726E2009E0025BD78 /* MarvelCharacterListSampleTests */ = {
			isa = PBXGroup;
			children = (
				2D58BCE826E2009E0025BD78 /* MarvelCharacterListSampleTests.swift */,
				2D58BCEA26E2009E0025BD78 /* Info.plist */,
			);
			path = MarvelCharacterListSampleTests;
			sourceTree = "<group>";
		};
		2D58BCF226E2009E0025BD78 /* MarvelCharacterListSampleUITests */ = {
			isa = PBXGroup;
			children = (
				2D58BCF326E2009E0025BD78 /* MarvelCharacterListSampleUITests.swift */,
				2D58BCF526E2009E0025BD78 /* Info.plist */,
			);
			path = MarvelCharacterListSampleUITests;
			sourceTree = "<group>";
		};
		2DE00E5D26E2421F0042A5C2 /* CharactersList */ = {
			isa = PBXGroup;
			children = (
				2DE00E6B26E2471D0042A5C2 /* Components */,
				2DE00E3726E237A30042A5C2 /* MarvelCharactersListsFactorable.swift */,
				2DE00E3826E237A30042A5C2 /* MarvelCharactersListsPresenter.swift */,
				2DE00E3926E237A30042A5C2 /* MarvelCharactersListsRouter.swift */,
				2DE00E3A26E237A30042A5C2 /* MarvelCharactersListsViewController.swift */,
				2DE00E3B26E237A30042A5C2 /* MarvelCharactersListsInteractor.swift */,
				2DE00E3D26E237A30042A5C2 /* MarvelCharactersListsModel.swift */,
			);
			path = CharactersList;
			sourceTree = "<group>";
		};
		2DE00E6B26E2471D0042A5C2 /* Components */ = {
			isa = PBXGroup;
			children = (
				2DE00E9E26E611FD0042A5C2 /* Cells */,
				2DFF21A826E62473001A2788 /* MarvelCharactersListsView.swift */,
				2DE00E6126E242570042A5C2 /* MarvelCharactersListsView.xib */,
			);
			path = Components;
			sourceTree = "<group>";
		};
		2DE00E9126E605F70042A5C2 /* Commons */ = {
			isa = PBXGroup;
			children = (
				2D26931826E75EA300673645 /* Manager */,
				2D26930126E7536C00673645 /* Services */,
				2DE00E9426E606220042A5C2 /* Resources */,
				2DE00E9326E606090042A5C2 /* Extensions */,
				2DE00E9226E605FC0042A5C2 /* Base */,
				2D26932326E75F0E00673645 /* Constants.swift */,
				2D26932A26E75F4800673645 /* String+Crypto.swift */,
			);
			path = Commons;
			sourceTree = "<group>";
		};
		2DE00E9226E605FC0042A5C2 /* Base */ = {
			isa = PBXGroup;
			children = (
				2DE00E7926E6042E0042A5C2 /* BaseView.swift */,
				2DE00E8026E6044A0042A5C2 /* BaseViewController.swift */,
			);
			path = Base;
			sourceTree = "<group>";
		};
		2DE00E9326E606090042A5C2 /* Extensions */ = {
			isa = PBXGroup;
			children = (
				2DE00E8726E6047A0042A5C2 /* UIView + Additions.swift */,
			);
			path = Extensions;
			sourceTree = "<group>";
		};
		2DE00E9426E606220042A5C2 /* Resources */ = {
			isa = PBXGroup;
			children = (
				2D58BCDA26E2009D0025BD78 /* Assets.xcassets */,
			);
			path = Resources;
			sourceTree = "<group>";
		};
		2DE00E9E26E611FD0042A5C2 /* Cells */ = {
			isa = PBXGroup;
			children = (
				2DE00E9F26E6120D0042A5C2 /* CharactersTableViewCell.swift */,
				2DFF21C426E6323D001A2788 /* CharactersTableViewCell.xib */,
			);
			path = Cells;
			sourceTree = "<group>";
		};
		78AAFC1E6933059FA29A2220 /* Pods */ = {
			isa = PBXGroup;
			children = (
				5083BA9E5FE716070E7A5802 /* Pods-MarvelCharacterListSample.debug.xcconfig */,
				C23D0F943418157F7E032FB5 /* Pods-MarvelCharacterListSample.release.xcconfig */,
				348F6826C9CFF1E8415B9B7D /* Pods-MarvelCharacterListSample-MarvelCharacterListSampleUITests.debug.xcconfig */,
				AC7D9F6637B9C8E44D541561 /* Pods-MarvelCharacterListSample-MarvelCharacterListSampleUITests.release.xcconfig */,
				E3A3E63F82C0802010AADA20 /* Pods-MarvelCharacterListSampleTests.debug.xcconfig */,
				D6575DF0B23A7D965CAD5CC1 /* Pods-MarvelCharacterListSampleTests.release.xcconfig */,
			);
			path = Pods;
			sourceTree = "<group>";
		};
		D3ACBE7DDD15F6145A42814B /* Frameworks */ = {
			isa = PBXGroup;
			children = (
				31FFF94326A400E69A313585 /* Pods_MarvelCharacterListSample.framework */,
				978F9F94CC1A950D02BBFC5C /* Pods_MarvelCharacterListSample_MarvelCharacterListSampleUITests.framework */,
				6D76C0CA094CFBEBDFFF88B9 /* Pods_MarvelCharacterListSampleTests.framework */,
			);
			name = Frameworks;
			sourceTree = "<group>";
		};
/* End PBXGroup section */

/* Begin PBXNativeTarget section */
		2D58BCCD26E2009B0025BD78 /* MarvelCharacterListSample */ = {
			isa = PBXNativeTarget;
			buildConfigurationList = 2D58BCF826E2009E0025BD78 /* Build configuration list for PBXNativeTarget "MarvelCharacterListSample" */;
			buildPhases = (
				34FE7545D47238D612304141 /* [CP] Check Pods Manifest.lock */,
				2D58BCCA26E2009B0025BD78 /* Sources */,
				2D58BCCB26E2009B0025BD78 /* Frameworks */,
				2D58BCCC26E2009B0025BD78 /* Resources */,
				CBE640C9DF72BDE2554568A3 /* [CP] Embed Pods Frameworks */,
			);
			buildRules = (
			);
			dependencies = (
			);
			name = MarvelCharacterListSample;
			productName = MarvelCharacterListSample;
			productReference = 2D58BCCE26E2009B0025BD78 /* MarvelCharacterListSample.app */;
			productType = "com.apple.product-type.application";
		};
		2D58BCE326E2009E0025BD78 /* MarvelCharacterListSampleTests */ = {
			isa = PBXNativeTarget;
			buildConfigurationList = 2D58BCFB26E2009E0025BD78 /* Build configuration list for PBXNativeTarget "MarvelCharacterListSampleTests" */;
			buildPhases = (
				AAF9AC77C8B1A4635F38D23E /* [CP] Check Pods Manifest.lock */,
				2D58BCE026E2009E0025BD78 /* Sources */,
				2D58BCE126E2009E0025BD78 /* Frameworks */,
				2D58BCE226E2009E0025BD78 /* Resources */,
			);
			buildRules = (
			);
			dependencies = (
				2D58BCE626E2009E0025BD78 /* PBXTargetDependency */,
			);
			name = MarvelCharacterListSampleTests;
			productName = MarvelCharacterListSampleTests;
			productReference = 2D58BCE426E2009E0025BD78 /* MarvelCharacterListSampleTests.xctest */;
			productType = "com.apple.product-type.bundle.unit-test";
		};
		2D58BCEE26E2009E0025BD78 /* MarvelCharacterListSampleUITests */ = {
			isa = PBXNativeTarget;
			buildConfigurationList = 2D58BCFE26E2009E0025BD78 /* Build configuration list for PBXNativeTarget "MarvelCharacterListSampleUITests" */;
			buildPhases = (
				55B9DA02C1C382F463190295 /* [CP] Check Pods Manifest.lock */,
				2D58BCEB26E2009E0025BD78 /* Sources */,
				2D58BCEC26E2009E0025BD78 /* Frameworks */,
				2D58BCED26E2009E0025BD78 /* Resources */,
				4EB4DE3374385F4F096B6508 /* [CP] Embed Pods Frameworks */,
			);
			buildRules = (
			);
			dependencies = (
				2D58BCF126E2009E0025BD78 /* PBXTargetDependency */,
			);
			name = MarvelCharacterListSampleUITests;
			productName = MarvelCharacterListSampleUITests;
			productReference = 2D58BCEF26E2009E0025BD78 /* MarvelCharacterListSampleUITests.xctest */;
			productType = "com.apple.product-type.bundle.ui-testing";
		};
/* End PBXNativeTarget section */

/* Begin PBXProject section */
		2D58BCC626E2009B0025BD78 /* Project object */ = {
			isa = PBXProject;
			attributes = {
				LastSwiftUpdateCheck = 1240;
				LastUpgradeCheck = 1240;
				TargetAttributes = {
					2D58BCCD26E2009B0025BD78 = {
						CreatedOnToolsVersion = 12.4;
					};
					2D58BCE326E2009E0025BD78 = {
						CreatedOnToolsVersion = 12.4;
						TestTargetID = 2D58BCCD26E2009B0025BD78;
					};
					2D58BCEE26E2009E0025BD78 = {
						CreatedOnToolsVersion = 12.4;
						TestTargetID = 2D58BCCD26E2009B0025BD78;
					};
				};
			};
			buildConfigurationList = 2D58BCC926E2009B0025BD78 /* Build configuration list for PBXProject "MarvelCharacterListSample" */;
			compatibilityVersion = "Xcode 9.3";
			developmentRegion = en;
			hasScannedForEncodings = 0;
			knownRegions = (
				en,
				Base,
			);
			mainGroup = 2D58BCC526E2009B0025BD78;
			productRefGroup = 2D58BCCF26E2009B0025BD78 /* Products */;
			projectDirPath = "";
			projectRoot = "";
			targets = (
				2D58BCCD26E2009B0025BD78 /* MarvelCharacterListSample */,
				2D58BCE326E2009E0025BD78 /* MarvelCharacterListSampleTests */,
				2D58BCEE26E2009E0025BD78 /* MarvelCharacterListSampleUITests */,
			);
		};
/* End PBXProject section */

/* Begin PBXResourcesBuildPhase section */
		2D58BCCC26E2009B0025BD78 /* Resources */ = {
			isa = PBXResourcesBuildPhase;
			buildActionMask = 2147483647;
			files = (
				2D58BCDE26E2009D0025BD78 /* LaunchScreen.storyboard in Resources */,
				2DE00E6226E242570042A5C2 /* MarvelCharactersListsView.xib in Resources */,
				2D58BCDB26E2009D0025BD78 /* Assets.xcassets in Resources */,
				2DFF21C526E6323D001A2788 /* CharactersTableViewCell.xib in Resources */,
			);
			runOnlyForDeploymentPostprocessing = 0;
		};
		2D58BCE226E2009E0025BD78 /* Resources */ = {
			isa = PBXResourcesBuildPhase;
			buildActionMask = 2147483647;
			files = (
				2DE00E6326E242570042A5C2 /* MarvelCharactersListsView.xib in Resources */,
			);
			runOnlyForDeploymentPostprocessing = 0;
		};
		2D58BCED26E2009E0025BD78 /* Resources */ = {
			isa = PBXResourcesBuildPhase;
			buildActionMask = 2147483647;
			files = (
				2DE00E6426E242570042A5C2 /* MarvelCharactersListsView.xib in Resources */,
			);
			runOnlyForDeploymentPostprocessing = 0;
		};
/* End PBXResourcesBuildPhase section */

/* Begin PBXShellScriptBuildPhase section */
		34FE7545D47238D612304141 /* [CP] Check Pods Manifest.lock */ = {
			isa = PBXShellScriptBuildPhase;
			buildActionMask = 2147483647;
			files = (
			);
			inputFileListPaths = (
			);
			inputPaths = (
				"${PODS_PODFILE_DIR_PATH}/Podfile.lock",
				"${PODS_ROOT}/Manifest.lock",
			);
			name = "[CP] Check Pods Manifest.lock";
			outputFileListPaths = (
			);
			outputPaths = (
				"$(DERIVED_FILE_DIR)/Pods-MarvelCharacterListSample-checkManifestLockResult.txt",
			);
			runOnlyForDeploymentPostprocessing = 0;
			shellPath = /bin/sh;
			shellScript = "diff \"${PODS_PODFILE_DIR_PATH}/Podfile.lock\" \"${PODS_ROOT}/Manifest.lock\" > /dev/null\nif [ $? != 0 ] ; then\n    # print error to STDERR\n    echo \"error: The sandbox is not in sync with the Podfile.lock. Run 'pod install' or update your CocoaPods installation.\" >&2\n    exit 1\nfi\n# This output is used by Xcode 'outputs' to avoid re-running this script phase.\necho \"SUCCESS\" > \"${SCRIPT_OUTPUT_FILE_0}\"\n";
			showEnvVarsInLog = 0;
		};
		4EB4DE3374385F4F096B6508 /* [CP] Embed Pods Frameworks */ = {
			isa = PBXShellScriptBuildPhase;
			buildActionMask = 2147483647;
			files = (
			);
			inputFileListPaths = (
				"${PODS_ROOT}/Target Support Files/Pods-MarvelCharacterListSample-MarvelCharacterListSampleUITests/Pods-MarvelCharacterListSample-MarvelCharacterListSampleUITests-frameworks-${CONFIGURATION}-input-files.xcfilelist",
			);
			name = "[CP] Embed Pods Frameworks";
			outputFileListPaths = (
				"${PODS_ROOT}/Target Support Files/Pods-MarvelCharacterListSample-MarvelCharacterListSampleUITests/Pods-MarvelCharacterListSample-MarvelCharacterListSampleUITests-frameworks-${CONFIGURATION}-output-files.xcfilelist",
			);
			runOnlyForDeploymentPostprocessing = 0;
			shellPath = /bin/sh;
			shellScript = "\"${PODS_ROOT}/Target Support Files/Pods-MarvelCharacterListSample-MarvelCharacterListSampleUITests/Pods-MarvelCharacterListSample-MarvelCharacterListSampleUITests-frameworks.sh\"\n";
			showEnvVarsInLog = 0;
		};
		55B9DA02C1C382F463190295 /* [CP] Check Pods Manifest.lock */ = {
			isa = PBXShellScriptBuildPhase;
			buildActionMask = 2147483647;
			files = (
			);
			inputFileListPaths = (
			);
			inputPaths = (
				"${PODS_PODFILE_DIR_PATH}/Podfile.lock",
				"${PODS_ROOT}/Manifest.lock",
			);
			name = "[CP] Check Pods Manifest.lock";
			outputFileListPaths = (
			);
			outputPaths = (
				"$(DERIVED_FILE_DIR)/Pods-MarvelCharacterListSample-MarvelCharacterListSampleUITests-checkManifestLockResult.txt",
			);
			runOnlyForDeploymentPostprocessing = 0;
			shellPath = /bin/sh;
			shellScript = "diff \"${PODS_PODFILE_DIR_PATH}/Podfile.lock\" \"${PODS_ROOT}/Manifest.lock\" > /dev/null\nif [ $? != 0 ] ; then\n    # print error to STDERR\n    echo \"error: The sandbox is not in sync with the Podfile.lock. Run 'pod install' or update your CocoaPods installation.\" >&2\n    exit 1\nfi\n# This output is used by Xcode 'outputs' to avoid re-running this script phase.\necho \"SUCCESS\" > \"${SCRIPT_OUTPUT_FILE_0}\"\n";
			showEnvVarsInLog = 0;
		};
		AAF9AC77C8B1A4635F38D23E /* [CP] Check Pods Manifest.lock */ = {
			isa = PBXShellScriptBuildPhase;
			buildActionMask = 2147483647;
			files = (
			);
			inputFileListPaths = (
			);
			inputPaths = (
				"${PODS_PODFILE_DIR_PATH}/Podfile.lock",
				"${PODS_ROOT}/Manifest.lock",
			);
			name = "[CP] Check Pods Manifest.lock";
			outputFileListPaths = (
			);
			outputPaths = (
				"$(DERIVED_FILE_DIR)/Pods-MarvelCharacterListSampleTests-checkManifestLockResult.txt",
			);
			runOnlyForDeploymentPostprocessing = 0;
			shellPath = /bin/sh;
			shellScript = "diff \"${PODS_PODFILE_DIR_PATH}/Podfile.lock\" \"${PODS_ROOT}/Manifest.lock\" > /dev/null\nif [ $? != 0 ] ; then\n    # print error to STDERR\n    echo \"error: The sandbox is not in sync with the Podfile.lock. Run 'pod install' or update your CocoaPods installation.\" >&2\n    exit 1\nfi\n# This output is used by Xcode 'outputs' to avoid re-running this script phase.\necho \"SUCCESS\" > \"${SCRIPT_OUTPUT_FILE_0}\"\n";
			showEnvVarsInLog = 0;
		};
		CBE640C9DF72BDE2554568A3 /* [CP] Embed Pods Frameworks */ = {
			isa = PBXShellScriptBuildPhase;
			buildActionMask = 2147483647;
			files = (
			);
			inputFileListPaths = (
				"${PODS_ROOT}/Target Support Files/Pods-MarvelCharacterListSample/Pods-MarvelCharacterListSample-frameworks-${CONFIGURATION}-input-files.xcfilelist",
			);
			name = "[CP] Embed Pods Frameworks";
			outputFileListPaths = (
				"${PODS_ROOT}/Target Support Files/Pods-MarvelCharacterListSample/Pods-MarvelCharacterListSample-frameworks-${CONFIGURATION}-output-files.xcfilelist",
			);
			runOnlyForDeploymentPostprocessing = 0;
			shellPath = /bin/sh;
			shellScript = "\"${PODS_ROOT}/Target Support Files/Pods-MarvelCharacterListSample/Pods-MarvelCharacterListSample-frameworks.sh\"\n";
			showEnvVarsInLog = 0;
		};
/* End PBXShellScriptBuildPhase section */

/* Begin PBXSourcesBuildPhase section */
		2D58BCCA26E2009B0025BD78 /* Sources */ = {
			isa = PBXSourcesBuildPhase;
			buildActionMask = 2147483647;
			files = (
				2DE00E8826E6047A0042A5C2 /* UIView + Additions.swift in Sources */,
				2D26930526E753A300673645 /* APIClient.swift in Sources */,
				2DFF21A926E62473001A2788 /* MarvelCharactersListsView.swift in Sources */,
				2DE00E8126E6044A0042A5C2 /* BaseViewController.swift in Sources */,
				2DE00E4A26E237A30042A5C2 /* MarvelCharactersListsInteractor.swift in Sources */,
				2DE00E4726E237A30042A5C2 /* MarvelCharactersListsViewController.swift in Sources */,
				2D3FA48926E76A21001EA160 /* CommonStructures.swift in Sources */,
				2DE00E7A26E6042E0042A5C2 /* BaseView.swift in Sources */,
				2D26932B26E75F4800673645 /* String+Crypto.swift in Sources */,
				2D26932426E75F0E00673645 /* Constants.swift in Sources */,
				2DE00E5726E237DF0042A5C2 /* AppInjector.swift in Sources */,
				2D26931A26E75EB300673645 /* URLManager.swift in Sources */,
				2DE00EA026E6120D0042A5C2 /* CharactersTableViewCell.swift in Sources */,
				2DE00E4426E237A30042A5C2 /* MarvelCharactersListsRouter.swift in Sources */,
				2D3FA46D26E7638B001EA160 /* MarvelCharacterData.swift in Sources */,
				2DE00E4126E237A30042A5C2 /* MarvelCharactersListsPresenter.swift in Sources */,
				2DE00E3E26E237A30042A5C2 /* MarvelCharactersListsFactorable.swift in Sources */,
				2D58BCD226E2009B0025BD78 /* AppDelegate.swift in Sources */,
				2DE00E5026E237A30042A5C2 /* MarvelCharactersListsModel.swift in Sources */,
			);
			runOnlyForDeploymentPostprocessing = 0;
		};
		2D58BCE026E2009E0025BD78 /* Sources */ = {
			isa = PBXSourcesBuildPhase;
			buildActionMask = 2147483647;
			files = (
				2D58BCE926E2009E0025BD78 /* MarvelCharacterListSampleTests.swift in Sources */,
				2D26932C26E75F4800673645 /* String+Crypto.swift in Sources */,
				2DE00E5826E237DF0042A5C2 /* AppInjector.swift in Sources */,
				2DE00E4526E237A30042A5C2 /* MarvelCharactersListsRouter.swift in Sources */,
				2DE00E3F26E237A30042A5C2 /* MarvelCharactersListsFactorable.swift in Sources */,
				2DE00E8226E6044A0042A5C2 /* BaseViewController.swift in Sources */,
				2D26932526E75F0E00673645 /* Constants.swift in Sources */,
				2DE00EA126E6120D0042A5C2 /* CharactersTableViewCell.swift in Sources */,
				2DE00E5126E237A30042A5C2 /* MarvelCharactersListsModel.swift in Sources */,
				2DE00E4B26E237A30042A5C2 /* MarvelCharactersListsInteractor.swift in Sources */,
				2DE00E4226E237A30042A5C2 /* MarvelCharactersListsPresenter.swift in Sources */,
				2D26930626E753A300673645 /* APIClient.swift in Sources */,
				2DE00E7B26E6042E0042A5C2 /* BaseView.swift in Sources */,
				2DE00E4826E237A30042A5C2 /* MarvelCharactersListsViewController.swift in Sources */,
				2DE00E8926E6047A0042A5C2 /* UIView + Additions.swift in Sources */,
				2D26931B26E75EB300673645 /* URLManager.swift in Sources */,
			);
			runOnlyForDeploymentPostprocessing = 0;
		};
		2D58BCEB26E2009E0025BD78 /* Sources */ = {
			isa = PBXSourcesBuildPhase;
			buildActionMask = 2147483647;
			files = (
				2D58BCF426E2009E0025BD78 /* MarvelCharacterListSampleUITests.swift in Sources */,
				2D26932D26E75F4800673645 /* String+Crypto.swift in Sources */,
				2DE00E5926E237DF0042A5C2 /* AppInjector.swift in Sources */,
				2DE00E4626E237A30042A5C2 /* MarvelCharactersListsRouter.swift in Sources */,
				2DE00E4026E237A30042A5C2 /* MarvelCharactersListsFactorable.swift in Sources */,
				2DE00E8326E6044A0042A5C2 /* BaseViewController.swift in Sources */,
				2D26932626E75F0E00673645 /* Constants.swift in Sources */,
				2DE00EA226E6120D0042A5C2 /* CharactersTableViewCell.swift in Sources */,
				2DE00E5226E237A30042A5C2 /* MarvelCharactersListsModel.swift in Sources */,
				2DE00E4C26E237A30042A5C2 /* MarvelCharactersListsInteractor.swift in Sources */,
				2DE00E4326E237A30042A5C2 /* MarvelCharactersListsPresenter.swift in Sources */,
				2D26930726E753A300673645 /* APIClient.swift in Sources */,
				2DE00E7C26E6042E0042A5C2 /* BaseView.swift in Sources */,
				2DE00E4926E237A30042A5C2 /* MarvelCharactersListsViewController.swift in Sources */,
				2DE00E8A26E6047A0042A5C2 /* UIView + Additions.swift in Sources */,
				2D26931C26E75EB300673645 /* URLManager.swift in Sources */,
			);
			runOnlyForDeploymentPostprocessing = 0;
		};
/* End PBXSourcesBuildPhase section */

/* Begin PBXTargetDependency section */
		2D58BCE626E2009E0025BD78 /* PBXTargetDependency */ = {
			isa = PBXTargetDependency;
			target = 2D58BCCD26E2009B0025BD78 /* MarvelCharacterListSample */;
			targetProxy = 2D58BCE526E2009E0025BD78 /* PBXContainerItemProxy */;
		};
		2D58BCF126E2009E0025BD78 /* PBXTargetDependency */ = {
			isa = PBXTargetDependency;
			target = 2D58BCCD26E2009B0025BD78 /* MarvelCharacterListSample */;
			targetProxy = 2D58BCF026E2009E0025BD78 /* PBXContainerItemProxy */;
		};
/* End PBXTargetDependency section */

/* Begin PBXVariantGroup section */
		2D58BCDC26E2009D0025BD78 /* LaunchScreen.storyboard */ = {
			isa = PBXVariantGroup;
			children = (
				2D58BCDD26E2009D0025BD78 /* Base */,
			);
			name = LaunchScreen.storyboard;
			sourceTree = "<group>";
		};
/* End PBXVariantGroup section */

/* Begin XCBuildConfiguration section */
		2D58BCF626E2009E0025BD78 /* Debug */ = {
			isa = XCBuildConfiguration;
			buildSettings = {
				ALWAYS_SEARCH_USER_PATHS = NO;
				CLANG_ANALYZER_NONNULL = YES;
				CLANG_ANALYZER_NUMBER_OBJECT_CONVERSION = YES_AGGRESSIVE;
				CLANG_CXX_LANGUAGE_STANDARD = "gnu++14";
				CLANG_CXX_LIBRARY = "libc++";
				CLANG_ENABLE_MODULES = YES;
				CLANG_ENABLE_OBJC_ARC = YES;
				CLANG_ENABLE_OBJC_WEAK = YES;
				CLANG_WARN_BLOCK_CAPTURE_AUTORELEASING = YES;
				CLANG_WARN_BOOL_CONVERSION = YES;
				CLANG_WARN_COMMA = YES;
				CLANG_WARN_CONSTANT_CONVERSION = YES;
				CLANG_WARN_DEPRECATED_OBJC_IMPLEMENTATIONS = YES;
				CLANG_WARN_DIRECT_OBJC_ISA_USAGE = YES_ERROR;
				CLANG_WARN_DOCUMENTATION_COMMENTS = YES;
				CLANG_WARN_EMPTY_BODY = YES;
				CLANG_WARN_ENUM_CONVERSION = YES;
				CLANG_WARN_INFINITE_RECURSION = YES;
				CLANG_WARN_INT_CONVERSION = YES;
				CLANG_WARN_NON_LITERAL_NULL_CONVERSION = YES;
				CLANG_WARN_OBJC_IMPLICIT_RETAIN_SELF = YES;
				CLANG_WARN_OBJC_LITERAL_CONVERSION = YES;
				CLANG_WARN_OBJC_ROOT_CLASS = YES_ERROR;
				CLANG_WARN_QUOTED_INCLUDE_IN_FRAMEWORK_HEADER = YES;
				CLANG_WARN_RANGE_LOOP_ANALYSIS = YES;
				CLANG_WARN_STRICT_PROTOTYPES = YES;
				CLANG_WARN_SUSPICIOUS_MOVE = YES;
				CLANG_WARN_UNGUARDED_AVAILABILITY = YES_AGGRESSIVE;
				CLANG_WARN_UNREACHABLE_CODE = YES;
				CLANG_WARN__DUPLICATE_METHOD_MATCH = YES;
				COPY_PHASE_STRIP = NO;
				DEBUG_INFORMATION_FORMAT = dwarf;
				ENABLE_STRICT_OBJC_MSGSEND = YES;
				ENABLE_TESTABILITY = YES;
				GCC_C_LANGUAGE_STANDARD = gnu11;
				GCC_DYNAMIC_NO_PIC = NO;
				GCC_NO_COMMON_BLOCKS = YES;
				GCC_OPTIMIZATION_LEVEL = 0;
				GCC_PREPROCESSOR_DEFINITIONS = (
					"DEBUG=1",
					"$(inherited)",
				);
				GCC_WARN_64_TO_32_BIT_CONVERSION = YES;
				GCC_WARN_ABOUT_RETURN_TYPE = YES_ERROR;
				GCC_WARN_UNDECLARED_SELECTOR = YES;
				GCC_WARN_UNINITIALIZED_AUTOS = YES_AGGRESSIVE;
				GCC_WARN_UNUSED_FUNCTION = YES;
				GCC_WARN_UNUSED_VARIABLE = YES;
				IPHONEOS_DEPLOYMENT_TARGET = 14.4;
				MTL_ENABLE_DEBUG_INFO = INCLUDE_SOURCE;
				MTL_FAST_MATH = YES;
				ONLY_ACTIVE_ARCH = YES;
				SDKROOT = iphoneos;
				SWIFT_ACTIVE_COMPILATION_CONDITIONS = DEBUG;
				SWIFT_OPTIMIZATION_LEVEL = "-Onone";
			};
			name = Debug;
		};
		2D58BCF726E2009E0025BD78 /* Release */ = {
			isa = XCBuildConfiguration;
			buildSettings = {
				ALWAYS_SEARCH_USER_PATHS = NO;
				CLANG_ANALYZER_NONNULL = YES;
				CLANG_ANALYZER_NUMBER_OBJECT_CONVERSION = YES_AGGRESSIVE;
				CLANG_CXX_LANGUAGE_STANDARD = "gnu++14";
				CLANG_CXX_LIBRARY = "libc++";
				CLANG_ENABLE_MODULES = YES;
				CLANG_ENABLE_OBJC_ARC = YES;
				CLANG_ENABLE_OBJC_WEAK = YES;
				CLANG_WARN_BLOCK_CAPTURE_AUTORELEASING = YES;
				CLANG_WARN_BOOL_CONVERSION = YES;
				CLANG_WARN_COMMA = YES;
				CLANG_WARN_CONSTANT_CONVERSION = YES;
				CLANG_WARN_DEPRECATED_OBJC_IMPLEMENTATIONS = YES;
				CLANG_WARN_DIRECT_OBJC_ISA_USAGE = YES_ERROR;
				CLANG_WARN_DOCUMENTATION_COMMENTS = YES;
				CLANG_WARN_EMPTY_BODY = YES;
				CLANG_WARN_ENUM_CONVERSION = YES;
				CLANG_WARN_INFINITE_RECURSION = YES;
				CLANG_WARN_INT_CONVERSION = YES;
				CLANG_WARN_NON_LITERAL_NULL_CONVERSION = YES;
				CLANG_WARN_OBJC_IMPLICIT_RETAIN_SELF = YES;
				CLANG_WARN_OBJC_LITERAL_CONVERSION = YES;
				CLANG_WARN_OBJC_ROOT_CLASS = YES_ERROR;
				CLANG_WARN_QUOTED_INCLUDE_IN_FRAMEWORK_HEADER = YES;
				CLANG_WARN_RANGE_LOOP_ANALYSIS = YES;
				CLANG_WARN_STRICT_PROTOTYPES = YES;
				CLANG_WARN_SUSPICIOUS_MOVE = YES;
				CLANG_WARN_UNGUARDED_AVAILABILITY = YES_AGGRESSIVE;
				CLANG_WARN_UNREACHABLE_CODE = YES;
				CLANG_WARN__DUPLICATE_METHOD_MATCH = YES;
				COPY_PHASE_STRIP = NO;
				DEBUG_INFORMATION_FORMAT = "dwarf-with-dsym";
				ENABLE_NS_ASSERTIONS = NO;
				ENABLE_STRICT_OBJC_MSGSEND = YES;
				GCC_C_LANGUAGE_STANDARD = gnu11;
				GCC_NO_COMMON_BLOCKS = YES;
				GCC_WARN_64_TO_32_BIT_CONVERSION = YES;
				GCC_WARN_ABOUT_RETURN_TYPE = YES_ERROR;
				GCC_WARN_UNDECLARED_SELECTOR = YES;
				GCC_WARN_UNINITIALIZED_AUTOS = YES_AGGRESSIVE;
				GCC_WARN_UNUSED_FUNCTION = YES;
				GCC_WARN_UNUSED_VARIABLE = YES;
				IPHONEOS_DEPLOYMENT_TARGET = 14.4;
				MTL_ENABLE_DEBUG_INFO = NO;
				MTL_FAST_MATH = YES;
				SDKROOT = iphoneos;
				SWIFT_COMPILATION_MODE = wholemodule;
				SWIFT_OPTIMIZATION_LEVEL = "-O";
				VALIDATE_PRODUCT = YES;
			};
			name = Release;
		};
		2D58BCF926E2009E0025BD78 /* Debug */ = {
			isa = XCBuildConfiguration;
			baseConfigurationReference = 5083BA9E5FE716070E7A5802 /* Pods-MarvelCharacterListSample.debug.xcconfig */;
			buildSettings = {
				ASSETCATALOG_COMPILER_APPICON_NAME = AppIcon;
				ASSETCATALOG_COMPILER_GLOBAL_ACCENT_COLOR_NAME = AccentColor;
				CODE_SIGN_STYLE = Automatic;
				INFOPLIST_FILE = MarvelCharacterListSample/Info.plist;
				LD_RUNPATH_SEARCH_PATHS = (
					"$(inherited)",
					"@executable_path/Frameworks",
				);
				PRODUCT_BUNDLE_IDENTIFIER = ricardo.MarvelCharacterListSample;
				PRODUCT_NAME = "$(TARGET_NAME)";
				SWIFT_VERSION = 5.0;
				TARGETED_DEVICE_FAMILY = "1,2";
			};
			name = Debug;
		};
		2D58BCFA26E2009E0025BD78 /* Release */ = {
			isa = XCBuildConfiguration;
			baseConfigurationReference = C23D0F943418157F7E032FB5 /* Pods-MarvelCharacterListSample.release.xcconfig */;
			buildSettings = {
				ASSETCATALOG_COMPILER_APPICON_NAME = AppIcon;
				ASSETCATALOG_COMPILER_GLOBAL_ACCENT_COLOR_NAME = AccentColor;
				CODE_SIGN_STYLE = Automatic;
				INFOPLIST_FILE = MarvelCharacterListSample/Info.plist;
				LD_RUNPATH_SEARCH_PATHS = (
					"$(inherited)",
					"@executable_path/Frameworks",
				);
				PRODUCT_BUNDLE_IDENTIFIER = ricardo.MarvelCharacterListSample;
				PRODUCT_NAME = "$(TARGET_NAME)";
				SWIFT_VERSION = 5.0;
				TARGETED_DEVICE_FAMILY = "1,2";
			};
			name = Release;
		};
		2D58BCFC26E2009E0025BD78 /* Debug */ = {
			isa = XCBuildConfiguration;
			baseConfigurationReference = E3A3E63F82C0802010AADA20 /* Pods-MarvelCharacterListSampleTests.debug.xcconfig */;
			buildSettings = {
				ALWAYS_EMBED_SWIFT_STANDARD_LIBRARIES = YES;
				BUNDLE_LOADER = "$(TEST_HOST)";
				CODE_SIGN_STYLE = Automatic;
				INFOPLIST_FILE = MarvelCharacterListSampleTests/Info.plist;
				IPHONEOS_DEPLOYMENT_TARGET = 14.4;
				LD_RUNPATH_SEARCH_PATHS = (
					"$(inherited)",
					"@executable_path/Frameworks",
					"@loader_path/Frameworks",
				);
				PRODUCT_BUNDLE_IDENTIFIER = ricardo.MarvelCharacterListSampleTests;
				PRODUCT_NAME = "$(TARGET_NAME)";
				SWIFT_VERSION = 5.0;
				TARGETED_DEVICE_FAMILY = "1,2";
				TEST_HOST = "$(BUILT_PRODUCTS_DIR)/MarvelCharacterListSample.app/MarvelCharacterListSample";
			};
			name = Debug;
		};
		2D58BCFD26E2009E0025BD78 /* Release */ = {
			isa = XCBuildConfiguration;
			baseConfigurationReference = D6575DF0B23A7D965CAD5CC1 /* Pods-MarvelCharacterListSampleTests.release.xcconfig */;
			buildSettings = {
				ALWAYS_EMBED_SWIFT_STANDARD_LIBRARIES = YES;
				BUNDLE_LOADER = "$(TEST_HOST)";
				CODE_SIGN_STYLE = Automatic;
				INFOPLIST_FILE = MarvelCharacterListSampleTests/Info.plist;
				IPHONEOS_DEPLOYMENT_TARGET = 14.4;
				LD_RUNPATH_SEARCH_PATHS = (
					"$(inherited)",
					"@executable_path/Frameworks",
					"@loader_path/Frameworks",
				);
				PRODUCT_BUNDLE_IDENTIFIER = ricardo.MarvelCharacterListSampleTests;
				PRODUCT_NAME = "$(TARGET_NAME)";
				SWIFT_VERSION = 5.0;
				TARGETED_DEVICE_FAMILY = "1,2";
				TEST_HOST = "$(BUILT_PRODUCTS_DIR)/MarvelCharacterListSample.app/MarvelCharacterListSample";
			};
			name = Release;
		};
		2D58BCFF26E2009E0025BD78 /* Debug */ = {
			isa = XCBuildConfiguration;
			baseConfigurationReference = 348F6826C9CFF1E8415B9B7D /* Pods-MarvelCharacterListSample-MarvelCharacterListSampleUITests.debug.xcconfig */;
			buildSettings = {
				ALWAYS_EMBED_SWIFT_STANDARD_LIBRARIES = YES;
				CODE_SIGN_STYLE = Automatic;
				INFOPLIST_FILE = MarvelCharacterListSampleUITests/Info.plist;
				LD_RUNPATH_SEARCH_PATHS = (
					"$(inherited)",
					"@executable_path/Frameworks",
					"@loader_path/Frameworks",
				);
				PRODUCT_BUNDLE_IDENTIFIER = ricardo.MarvelCharacterListSampleUITests;
				PRODUCT_NAME = "$(TARGET_NAME)";
				SWIFT_VERSION = 5.0;
				TARGETED_DEVICE_FAMILY = "1,2";
				TEST_TARGET_NAME = MarvelCharacterListSample;
			};
			name = Debug;
		};
		2D58BD0026E2009E0025BD78 /* Release */ = {
			isa = XCBuildConfiguration;
			baseConfigurationReference = AC7D9F6637B9C8E44D541561 /* Pods-MarvelCharacterListSample-MarvelCharacterListSampleUITests.release.xcconfig */;
			buildSettings = {
				ALWAYS_EMBED_SWIFT_STANDARD_LIBRARIES = YES;
				CODE_SIGN_STYLE = Automatic;
				INFOPLIST_FILE = MarvelCharacterListSampleUITests/Info.plist;
				LD_RUNPATH_SEARCH_PATHS = (
					"$(inherited)",
					"@executable_path/Frameworks",
					"@loader_path/Frameworks",
				);
				PRODUCT_BUNDLE_IDENTIFIER = ricardo.MarvelCharacterListSampleUITests;
				PRODUCT_NAME = "$(TARGET_NAME)";
				SWIFT_VERSION = 5.0;
				TARGETED_DEVICE_FAMILY = "1,2";
				TEST_TARGET_NAME = MarvelCharacterListSample;
			};
			name = Release;
		};
/* End XCBuildConfiguration section */

/* Begin XCConfigurationList section */
		2D58BCC926E2009B0025BD78 /* Build configuration list for PBXProject "MarvelCharacterListSample" */ = {
			isa = XCConfigurationList;
			buildConfigurations = (
				2D58BCF626E2009E0025BD78 /* Debug */,
				2D58BCF726E2009E0025BD78 /* Release */,
			);
			defaultConfigurationIsVisible = 0;
			defaultConfigurationName = Release;
		};
		2D58BCF826E2009E0025BD78 /* Build configuration list for PBXNativeTarget "MarvelCharacterListSample" */ = {
			isa = XCConfigurationList;
			buildConfigurations = (
				2D58BCF926E2009E0025BD78 /* Debug */,
				2D58BCFA26E2009E0025BD78 /* Release */,
			);
			defaultConfigurationIsVisible = 0;
			defaultConfigurationName = Release;
		};
		2D58BCFB26E2009E0025BD78 /* Build configuration list for PBXNativeTarget "MarvelCharacterListSampleTests" */ = {
			isa = XCConfigurationList;
			buildConfigurations = (
				2D58BCFC26E2009E0025BD78 /* Debug */,
				2D58BCFD26E2009E0025BD78 /* Release */,
			);
			defaultConfigurationIsVisible = 0;
			defaultConfigurationName = Release;
		};
		2D58BCFE26E2009E0025BD78 /* Build configuration list for PBXNativeTarget "MarvelCharacterListSampleUITests" */ = {
			isa = XCConfigurationList;
			buildConfigurations = (
				2D58BCFF26E2009E0025BD78 /* Debug */,
				2D58BD0026E2009E0025BD78 /* Release */,
			);
			defaultConfigurationIsVisible = 0;
			defaultConfigurationName = Release;
		};
/* End XCConfigurationList section */
	};
	rootObject = 2D58BCC626E2009B0025BD78 /* Project object */;
}
