// !$*UTF8*$!
{
	archiveVersion = 1;
	classes = {
	};
	objectVersion = 50;
	objects = {

/* Begin PBXBuildFile section */
		2D58BCD226E2009B0025BD78 /* AppDelegate.swift in Sources */ = {isa = PBXBuildFile; fileRef = 2D58BCD126E2009B0025BD78 /* AppDelegate.swift */; };
		2D58BCD426E2009B0025BD78 /* SceneDelegate.swift in Sources */ = {isa = PBXBuildFile; fileRef = 2D58BCD326E2009B0025BD78 /* SceneDelegate.swift */; };
		2D58BCD626E2009B0025BD78 /* ViewController.swift in Sources */ = {isa = PBXBuildFile; fileRef = 2D58BCD526E2009B0025BD78 /* ViewController.swift */; };
		2D58BCD926E2009B0025BD78 /* Main.storyboard in Resources */ = {isa = PBXBuildFile; fileRef = 2D58BCD726E2009B0025BD78 /* Main.storyboard */; };
		2D58BCDB26E2009D0025BD78 /* Assets.xcassets in Resources */ = {isa = PBXBuildFile; fileRef = 2D58BCDA26E2009D0025BD78 /* Assets.xcassets */; };
		2D58BCDE26E2009D0025BD78 /* LaunchScreen.storyboard in Resources */ = {isa = PBXBuildFile; fileRef = 2D58BCDC26E2009D0025BD78 /* LaunchScreen.storyboard */; };
		2D58BCE926E2009E0025BD78 /* MarvelCharacterListSampleTests.swift in Sources */ = {isa = PBXBuildFile; fileRef = 2D58BCE826E2009E0025BD78 /* MarvelCharacterListSampleTests.swift */; };
		2D58BCF426E2009E0025BD78 /* MarvelCharacterListSampleUITests.swift in Sources */ = {isa = PBXBuildFile; fileRef = 2D58BCF326E2009E0025BD78 /* MarvelCharacterListSampleUITests.swift */; };
/* End PBXBuildFile section */

/* Begin PBXContainerItemProxy section */
		2D58BCE526E2009E0025BD78 /* PBXContainerItemProxy */ = {
			isa = PBXContainerItemProxy;
			containerPortal = 2D58BCC626E2009B0025BD78 /* Project object */;
			proxyType = 1;
			remoteGlobalIDString = 2D58BCCD26E2009B0025BD78;
			remoteInfo = MarvelCharacterListSample;
		};
		2D58BCF026E2009E0025BD78 /* PBXContainerItemProxy */ = {
			isa = PBXContainerItemProxy;
			containerPortal = 2D58BCC626E2009B0025BD78 /* Project object */;
			proxyType = 1;
			remoteGlobalIDString = 2D58BCCD26E2009B0025BD78;
			remoteInfo = MarvelCharacterListSample;
		};
/* End PBXContainerItemProxy section */

/* Begin PBXFileReference section */
		2D58BCCE26E2009B0025BD78 /* MarvelCharacterListSample.app */ = {isa = PBXFileReference; explicitFileType = wrapper.application; includeInIndex = 0; path = MarvelCharacterListSample.app; sourceTree = BUILT_PRODUCTS_DIR; };
		2D58BCD126E2009B0025BD78 /* AppDelegate.swift */ = {isa = PBXFileReference; lastKnownFileType = sourcecode.swift; path = AppDelegate.swift; sourceTree = "<group>"; };
		2D58BCD326E2009B0025BD78 /* SceneDelegate.swift */ = {isa = PBXFileReference; lastKnownFileType = sourcecode.swift; path = SceneDelegate.swift; sourceTree = "<group>"; };
		2D58BCD526E2009B0025BD78 /* ViewController.swift */ = {isa = PBXFileReference; lastKnownFileType = sourcecode.swift; path = ViewController.swift; sourceTree = "<group>"; };
		2D58BCD826E2009B0025BD78 /* Base */ = {isa = PBXFileReference; lastKnownFileType = file.storyboard; name = Base; path = Base.lproj/Main.storyboard; sourceTree = "<group>"; };
		2D58BCDA26E2009D0025BD78 /* Assets.xcassets */ = {isa = PBXFileReference; lastKnownFileType = folder.assetcatalog; path = Assets.xcassets; sourceTree = "<group>"; };
		2D58BCDD26E2009D0025BD78 /* Base */ = {isa = PBXFileReference; lastKnownFileType = file.storyboard; name = Base; path = Base.lproj/LaunchScreen.storyboard; sourceTree = "<group>"; };
		2D58BCDF26E2009E0025BD78 /* Info.plist */ = {isa = PBXFileReference; lastKnownFileType = text.plist.xml; path = Info.plist; sourceTree = "<group>"; };
		2D58BCE426E2009E0025BD78 /* MarvelCharacterListSampleTests.xctest */ = {isa = PBXFileReference; explicitFileType = wrapper.cfbundle; includeInIndex = 0; path = MarvelCharacterListSampleTests.xctest; sourceTree = BUILT_PRODUCTS_DIR; };
		2D58BCE826E2009E0025BD78 /* MarvelCharacterListSampleTests.swift */ = {isa = PBXFileReference; lastKnownFileType = sourcecode.swift; path = MarvelCharacterListSampleTests.swift; sourceTree = "<group>"; };
		2D58BCEA26E2009E0025BD78 /* Info.plist */ = {isa = PBXFileReference; lastKnownFileType = text.plist.xml; path = Info.plist; sourceTree = "<group>"; };
		2D58BCEF26E2009E0025BD78 /* MarvelCharacterListSampleUITests.xctest */ = {isa = PBXFileReference; explicitFileType = wrapper.cfbundle; includeInIndex = 0; path = MarvelCharacterListSampleUITests.xctest; sourceTree = BUILT_PRODUCTS_DIR; };
		2D58BCF326E2009E0025BD78 /* MarvelCharacterListSampleUITests.swift */ = {isa = PBXFileReference; lastKnownFileType = sourcecode.swift; path = MarvelCharacterListSampleUITests.swift; sourceTree = "<group>"; };
		2D58BCF526E2009E0025BD78 /* Info.plist */ = {isa = PBXFileReference; lastKnownFileType = text.plist.xml; path = Info.plist; sourceTree = "<group>"; };
/* End PBXFileReference section */

/* Begin PBXFrameworksBuildPhase section */
		2D58BCCB26E2009B0025BD78 /* Frameworks */ = {
			isa = PBXFrameworksBuildPhase;
			buildActionMask = 2147483647;
			files = (
			);
			runOnlyForDeploymentPostprocessing = 0;
		};
		2D58BCE126E2009E0025BD78 /* Frameworks */ = {
			isa = PBXFrameworksBuildPhase;
			buildActionMask = 2147483647;
			files = (
			);
			runOnlyForDeploymentPostprocessing = 0;
		};
		2D58BCEC26E2009E0025BD78 /* Frameworks */ = {
			isa = PBXFrameworksBuildPhase;
			buildActionMask = 2147483647;
			files = (
			);
			runOnlyForDeploymentPostprocessing = 0;
		};
/* End PBXFrameworksBuildPhase section */

/* Begin PBXGroup section */
		2D58BCC526E2009B0025BD78 = {
			isa = PBXGroup;
			children = (
				2D58BCD026E2009B0025BD78 /* MarvelCharacterListSample */,
				2D58BCE726E2009E0025BD78 /* MarvelCharacterListSampleTests */,
				2D58BCF226E2009E0025BD78 /* MarvelCharacterListSampleUITests */,
				2D58BCCF26E2009B0025BD78 /* Products */,
			);
			sourceTree = "<group>";
		};
		2D58BCCF26E2009B0025BD78 /* Products */ = {
			isa = PBXGroup;
			children = (
				2D58BCCE26E2009B0025BD78 /* MarvelCharacterListSample.app */,
				2D58BCE426E2009E0025BD78 /* MarvelCharacterListSampleTests.xctest */,
				2D58BCEF26E2009E0025BD78 /* MarvelCharacterListSampleUITests.xctest */,
			);
			name = Products;
			sourceTree = "<group>";
		};
		2D58BCD026E2009B0025BD78 /* MarvelCharacterListSample */ = {
			isa = PBXGroup;
			children = (
				2D58BCD126E2009B0025BD78 /* AppDelegate.swift */,
				2D58BCD326E2009B0025BD78 /* SceneDelegate.swift */,
				2D58BCD526E2009B0025BD78 /* ViewController.swift */,
				2D58BCD726E2009B0025BD78 /* Main.storyboard */,
				2D58BCDA26E2009D0025BD78 /* Assets.xcassets */,
				2D58BCDC26E2009D0025BD78 /* LaunchScreen.storyboard */,
				2D58BCDF26E2009E0025BD78 /* Info.plist */,
			);
			path = MarvelCharacterListSample;
			sourceTree = "<group>";
		};
		2D58BCE726E2009E0025BD78 /* MarvelCharacterListSampleTests */ = {
			isa = PBXGroup;
			children = (
				2D58BCE826E2009E0025BD78 /* MarvelCharacterListSampleTests.swift */,
				2D58BCEA26E2009E0025BD78 /* Info.plist */,
			);
			path = MarvelCharacterListSampleTests;
			sourceTree = "<group>";
		};
		2D58BCF226E2009E0025BD78 /* MarvelCharacterListSampleUITests */ = {
			isa = PBXGroup;
			children = (
				2D58BCF326E2009E0025BD78 /* MarvelCharacterListSampleUITests.swift */,
				2D58BCF526E2009E0025BD78 /* Info.plist */,
			);
			path = MarvelCharacterListSampleUITests;
			sourceTree = "<group>";
		};
/* End PBXGroup section */

/* Begin PBXNativeTarget section */
		2D58BCCD26E2009B0025BD78 /* MarvelCharacterListSample */ = {
			isa = PBXNativeTarget;
			buildConfigurationList = 2D58BCF826E2009E0025BD78 /* Build configuration list for PBXNativeTarget "MarvelCharacterListSample" */;
			buildPhases = (
				2D58BCCA26E2009B0025BD78 /* Sources */,
				2D58BCCB26E2009B0025BD78 /* Frameworks */,
				2D58BCCC26E2009B0025BD78 /* Resources */,
			);
			buildRules = (
			);
			dependencies = (
			);
			name = MarvelCharacterListSample;
			productName = MarvelCharacterListSample;
			productReference = 2D58BCCE26E2009B0025BD78 /* MarvelCharacterListSample.app */;
			productType = "com.apple.product-type.application";
		};
		2D58BCE326E2009E0025BD78 /* MarvelCharacterListSampleTests */ = {
			isa = PBXNativeTarget;
			buildConfigurationList = 2D58BCFB26E2009E0025BD78 /* Build configuration list for PBXNativeTarget "MarvelCharacterListSampleTests" */;
			buildPhases = (
				2D58BCE026E2009E0025BD78 /* Sources */,
				2D58BCE126E2009E0025BD78 /* Frameworks */,
				2D58BCE226E2009E0025BD78 /* Resources */,
			);
			buildRules = (
			);
			dependencies = (
				2D58BCE626E2009E0025BD78 /* PBXTargetDependency */,
			);
			name = MarvelCharacterListSampleTests;
			productName = MarvelCharacterListSampleTests;
			productReference = 2D58BCE426E2009E0025BD78 /* MarvelCharacterListSampleTests.xctest */;
			productType = "com.apple.product-type.bundle.unit-test";
		};
		2D58BCEE26E2009E0025BD78 /* MarvelCharacterListSampleUITests */ = {
			isa = PBXNativeTarget;
			buildConfigurationList = 2D58BCFE26E2009E0025BD78 /* Build configuration list for PBXNativeTarget "MarvelCharacterListSampleUITests" */;
			buildPhases = (
				2D58BCEB26E2009E0025BD78 /* Sources */,
				2D58BCEC26E2009E0025BD78 /* Frameworks */,
				2D58BCED26E2009E0025BD78 /* Resources */,
			);
			buildRules = (
			);
			dependencies = (
				2D58BCF126E2009E0025BD78 /* PBXTargetDependency */,
			);
			name = MarvelCharacterListSampleUITests;
			productName = MarvelCharacterListSampleUITests;
			productReference = 2D58BCEF26E2009E0025BD78 /* MarvelCharacterListSampleUITests.xctest */;
			productType = "com.apple.product-type.bundle.ui-testing";
		};
/* End PBXNativeTarget section */

/* Begin PBXProject section */
		2D58BCC626E2009B0025BD78 /* Project object */ = {
			isa = PBXProject;
			attributes = {
				LastSwiftUpdateCheck = 1240;
				LastUpgradeCheck = 1240;
				TargetAttributes = {
					2D58BCCD26E2009B0025BD78 = {
						CreatedOnToolsVersion = 12.4;
					};
					2D58BCE326E2009E0025BD78 = {
						CreatedOnToolsVersion = 12.4;
						TestTargetID = 2D58BCCD26E2009B0025BD78;
					};
					2D58BCEE26E2009E0025BD78 = {
						CreatedOnToolsVersion = 12.4;
						TestTargetID = 2D58BCCD26E2009B0025BD78;
					};
				};
			};
			buildConfigurationList = 2D58BCC926E2009B0025BD78 /* Build configuration list for PBXProject "MarvelCharacterListSample" */;
			compatibilityVersion = "Xcode 9.3";
			developmentRegion = en;
			hasScannedForEncodings = 0;
			knownRegions = (
				en,
				Base,
			);
			mainGroup = 2D58BCC526E2009B0025BD78;
			productRefGroup = 2D58BCCF26E2009B0025BD78 /* Products */;
			projectDirPath = "";
			projectRoot = "";
			targets = (
				2D58BCCD26E2009B0025BD78 /* MarvelCharacterListSample */,
				2D58BCE326E2009E0025BD78 /* MarvelCharacterListSampleTests */,
				2D58BCEE26E2009E0025BD78 /* MarvelCharacterListSampleUITests */,
			);
		};
/* End PBXProject section */

/* Begin PBXResourcesBuildPhase section */
		2D58BCCC26E2009B0025BD78 /* Resources */ = {
			isa = PBXResourcesBuildPhase;
			buildActionMask = 2147483647;
			files = (
				2D58BCDE26E2009D0025BD78 /* LaunchScreen.storyboard in Resources */,
				2D58BCDB26E2009D0025BD78 /* Assets.xcassets in Resources */,
				2D58BCD926E2009B0025BD78 /* Main.storyboard in Resources */,
			);
			runOnlyForDeploymentPostprocessing = 0;
		};
		2D58BCE226E2009E0025BD78 /* Resources */ = {
			isa = PBXResourcesBuildPhase;
			buildActionMask = 2147483647;
			files = (
			);
			runOnlyForDeploymentPostprocessing = 0;
		};
		2D58BCED26E2009E0025BD78 /* Resources */ = {
			isa = PBXResourcesBuildPhase;
			buildActionMask = 2147483647;
			files = (
			);
			runOnlyForDeploymentPostprocessing = 0;
		};
/* End PBXResourcesBuildPhase section */

/* Begin PBXSourcesBuildPhase section */
		2D58BCCA26E2009B0025BD78 /* Sources */ = {
			isa = PBXSourcesBuildPhase;
			buildActionMask = 2147483647;
			files = (
				2D58BCD626E2009B0025BD78 /* ViewController.swift in Sources */,
				2D58BCD226E2009B0025BD78 /* AppDelegate.swift in Sources */,
				2D58BCD426E2009B0025BD78 /* SceneDelegate.swift in Sources */,
			);
			runOnlyForDeploymentPostprocessing = 0;
		};
		2D58BCE026E2009E0025BD78 /* Sources */ = {
			isa = PBXSourcesBuildPhase;
			buildActionMask = 2147483647;
			files = (
				2D58BCE926E2009E0025BD78 /* MarvelCharacterListSampleTests.swift in Sources */,
			);
			runOnlyForDeploymentPostprocessing = 0;
		};
		2D58BCEB26E2009E0025BD78 /* Sources */ = {
			isa = PBXSourcesBuildPhase;
			buildActionMask = 2147483647;
			files = (
				2D58BCF426E2009E0025BD78 /* MarvelCharacterListSampleUITests.swift in Sources */,
			);
			runOnlyForDeploymentPostprocessing = 0;
		};
/* End PBXSourcesBuildPhase section */

/* Begin PBXTargetDependency section */
		2D58BCE626E2009E0025BD78 /* PBXTargetDependency */ = {
			isa = PBXTargetDependency;
			target = 2D58BCCD26E2009B0025BD78 /* MarvelCharacterListSample */;
			targetProxy = 2D58BCE526E2009E0025BD78 /* PBXContainerItemProxy */;
		};
		2D58BCF126E2009E0025BD78 /* PBXTargetDependency */ = {
			isa = PBXTargetDependency;
			target = 2D58BCCD26E2009B0025BD78 /* MarvelCharacterListSample */;
			targetProxy = 2D58BCF026E2009E0025BD78 /* PBXContainerItemProxy */;
		};
/* End PBXTargetDependency section */

/* Begin PBXVariantGroup section */
		2D58BCD726E2009B0025BD78 /* Main.storyboard */ = {
			isa = PBXVariantGroup;
			children = (
				2D58BCD826E2009B0025BD78 /* Base */,
			);
			name = Main.storyboard;
			sourceTree = "<group>";
		};
		2D58BCDC26E2009D0025BD78 /* LaunchScreen.storyboard */ = {
			isa = PBXVariantGroup;
			children = (
				2D58BCDD26E2009D0025BD78 /* Base */,
			);
			name = LaunchScreen.storyboard;
			sourceTree = "<group>";
		};
/* End PBXVariantGroup section */

/* Begin XCBuildConfiguration section */
		2D58BCF626E2009E0025BD78 /* Debug */ = {
			isa = XCBuildConfiguration;
			buildSettings = {
				ALWAYS_SEARCH_USER_PATHS = NO;
				CLANG_ANALYZER_NONNULL = YES;
				CLANG_ANALYZER_NUMBER_OBJECT_CONVERSION = YES_AGGRESSIVE;
				CLANG_CXX_LANGUAGE_STANDARD = "gnu++14";
				CLANG_CXX_LIBRARY = "libc++";
				CLANG_ENABLE_MODULES = YES;
				CLANG_ENABLE_OBJC_ARC = YES;
				CLANG_ENABLE_OBJC_WEAK = YES;
				CLANG_WARN_BLOCK_CAPTURE_AUTORELEASING = YES;
				CLANG_WARN_BOOL_CONVERSION = YES;
				CLANG_WARN_COMMA = YES;
				CLANG_WARN_CONSTANT_CONVERSION = YES;
				CLANG_WARN_DEPRECATED_OBJC_IMPLEMENTATIONS = YES;
				CLANG_WARN_DIRECT_OBJC_ISA_USAGE = YES_ERROR;
				CLANG_WARN_DOCUMENTATION_COMMENTS = YES;
				CLANG_WARN_EMPTY_BODY = YES;
				CLANG_WARN_ENUM_CONVERSION = YES;
				CLANG_WARN_INFINITE_RECURSION = YES;
				CLANG_WARN_INT_CONVERSION = YES;
				CLANG_WARN_NON_LITERAL_NULL_CONVERSION = YES;
				CLANG_WARN_OBJC_IMPLICIT_RETAIN_SELF = YES;
				CLANG_WARN_OBJC_LITERAL_CONVERSION = YES;
				CLANG_WARN_OBJC_ROOT_CLASS = YES_ERROR;
				CLANG_WARN_QUOTED_INCLUDE_IN_FRAMEWORK_HEADER = YES;
				CLANG_WARN_RANGE_LOOP_ANALYSIS = YES;
				CLANG_WARN_STRICT_PROTOTYPES = YES;
				CLANG_WARN_SUSPICIOUS_MOVE = YES;
				CLANG_WARN_UNGUARDED_AVAILABILITY = YES_AGGRESSIVE;
				CLANG_WARN_UNREACHABLE_CODE = YES;
				CLANG_WARN__DUPLICATE_METHOD_MATCH = YES;
				COPY_PHASE_STRIP = NO;
				DEBUG_INFORMATION_FORMAT = dwarf;
				ENABLE_STRICT_OBJC_MSGSEND = YES;
				ENABLE_TESTABILITY = YES;
				GCC_C_LANGUAGE_STANDARD = gnu11;
				GCC_DYNAMIC_NO_PIC = NO;
				GCC_NO_COMMON_BLOCKS = YES;
				GCC_OPTIMIZATION_LEVEL = 0;
				GCC_PREPROCESSOR_DEFINITIONS = (
					"DEBUG=1",
					"$(inherited)",
				);
				GCC_WARN_64_TO_32_BIT_CONVERSION = YES;
				GCC_WARN_ABOUT_RETURN_TYPE = YES_ERROR;
				GCC_WARN_UNDECLARED_SELECTOR = YES;
				GCC_WARN_UNINITIALIZED_AUTOS = YES_AGGRESSIVE;
				GCC_WARN_UNUSED_FUNCTION = YES;
				GCC_WARN_UNUSED_VARIABLE = YES;
				IPHONEOS_DEPLOYMENT_TARGET = 14.4;
				MTL_ENABLE_DEBUG_INFO = INCLUDE_SOURCE;
				MTL_FAST_MATH = YES;
				ONLY_ACTIVE_ARCH = YES;
				SDKROOT = iphoneos;
				SWIFT_ACTIVE_COMPILATION_CONDITIONS = DEBUG;
				SWIFT_OPTIMIZATION_LEVEL = "-Onone";
			};
			name = Debug;
		};
		2D58BCF726E2009E0025BD78 /* Release */ = {
			isa = XCBuildConfiguration;
			buildSettings = {
				ALWAYS_SEARCH_USER_PATHS = NO;
				CLANG_ANALYZER_NONNULL = YES;
				CLANG_ANALYZER_NUMBER_OBJECT_CONVERSION = YES_AGGRESSIVE;
				CLANG_CXX_LANGUAGE_STANDARD = "gnu++14";
				CLANG_CXX_LIBRARY = "libc++";
				CLANG_ENABLE_MODULES = YES;
				CLANG_ENABLE_OBJC_ARC = YES;
				CLANG_ENABLE_OBJC_WEAK = YES;
				CLANG_WARN_BLOCK_CAPTURE_AUTORELEASING = YES;
				CLANG_WARN_BOOL_CONVERSION = YES;
				CLANG_WARN_COMMA = YES;
				CLANG_WARN_CONSTANT_CONVERSION = YES;
				CLANG_WARN_DEPRECATED_OBJC_IMPLEMENTATIONS = YES;
				CLANG_WARN_DIRECT_OBJC_ISA_USAGE = YES_ERROR;
				CLANG_WARN_DOCUMENTATION_COMMENTS = YES;
				CLANG_WARN_EMPTY_BODY = YES;
				CLANG_WARN_ENUM_CONVERSION = YES;
				CLANG_WARN_INFINITE_RECURSION = YES;
				CLANG_WARN_INT_CONVERSION = YES;
				CLANG_WARN_NON_LITERAL_NULL_CONVERSION = YES;
				CLANG_WARN_OBJC_IMPLICIT_RETAIN_SELF = YES;
				CLANG_WARN_OBJC_LITERAL_CONVERSION = YES;
				CLANG_WARN_OBJC_ROOT_CLASS = YES_ERROR;
				CLANG_WARN_QUOTED_INCLUDE_IN_FRAMEWORK_HEADER = YES;
				CLANG_WARN_RANGE_LOOP_ANALYSIS = YES;
				CLANG_WARN_STRICT_PROTOTYPES = YES;
				CLANG_WARN_SUSPICIOUS_MOVE = YES;
				CLANG_WARN_UNGUARDED_AVAILABILITY = YES_AGGRESSIVE;
				CLANG_WARN_UNREACHABLE_CODE = YES;
				CLANG_WARN__DUPLICATE_METHOD_MATCH = YES;
				COPY_PHASE_STRIP = NO;
				DEBUG_INFORMATION_FORMAT = "dwarf-with-dsym";
				ENABLE_NS_ASSERTIONS = NO;
				ENABLE_STRICT_OBJC_MSGSEND = YES;
				GCC_C_LANGUAGE_STANDARD = gnu11;
				GCC_NO_COMMON_BLOCKS = YES;
				GCC_WARN_64_TO_32_BIT_CONVERSION = YES;
				GCC_WARN_ABOUT_RETURN_TYPE = YES_ERROR;
				GCC_WARN_UNDECLARED_SELECTOR = YES;
				GCC_WARN_UNINITIALIZED_AUTOS = YES_AGGRESSIVE;
				GCC_WARN_UNUSED_FUNCTION = YES;
				GCC_WARN_UNUSED_VARIABLE = YES;
				IPHONEOS_DEPLOYMENT_TARGET = 14.4;
				MTL_ENABLE_DEBUG_INFO = NO;
				MTL_FAST_MATH = YES;
				SDKROOT = iphoneos;
				SWIFT_COMPILATION_MODE = wholemodule;
				SWIFT_OPTIMIZATION_LEVEL = "-O";
				VALIDATE_PRODUCT = YES;
			};
			name = Release;
		};
		2D58BCF926E2009E0025BD78 /* Debug */ = {
			isa = XCBuildConfiguration;
			buildSettings = {
				ASSETCATALOG_COMPILER_APPICON_NAME = AppIcon;
				ASSETCATALOG_COMPILER_GLOBAL_ACCENT_COLOR_NAME = AccentColor;
				CODE_SIGN_STYLE = Automatic;
				INFOPLIST_FILE = MarvelCharacterListSample/Info.plist;
				LD_RUNPATH_SEARCH_PATHS = (
					"$(inherited)",
					"@executable_path/Frameworks",
				);
				PRODUCT_BUNDLE_IDENTIFIER = ricardo.MarvelCharacterListSample;
				PRODUCT_NAME = "$(TARGET_NAME)";
				SWIFT_VERSION = 5.0;
				TARGETED_DEVICE_FAMILY = "1,2";
			};
			name = Debug;
		};
		2D58BCFA26E2009E0025BD78 /* Release */ = {
			isa = XCBuildConfiguration;
			buildSettings = {
				ASSETCATALOG_COMPILER_APPICON_NAME = AppIcon;
				ASSETCATALOG_COMPILER_GLOBAL_ACCENT_COLOR_NAME = AccentColor;
				CODE_SIGN_STYLE = Automatic;
				INFOPLIST_FILE = MarvelCharacterListSample/Info.plist;
				LD_RUNPATH_SEARCH_PATHS = (
					"$(inherited)",
					"@executable_path/Frameworks",
				);
				PRODUCT_BUNDLE_IDENTIFIER = ricardo.MarvelCharacterListSample;
				PRODUCT_NAME = "$(TARGET_NAME)";
				SWIFT_VERSION = 5.0;
				TARGETED_DEVICE_FAMILY = "1,2";
			};
			name = Release;
		};
		2D58BCFC26E2009E0025BD78 /* Debug */ = {
			isa = XCBuildConfiguration;
			buildSettings = {
				ALWAYS_EMBED_SWIFT_STANDARD_LIBRARIES = YES;
				BUNDLE_LOADER = "$(TEST_HOST)";
				CODE_SIGN_STYLE = Automatic;
				INFOPLIST_FILE = MarvelCharacterListSampleTests/Info.plist;
				IPHONEOS_DEPLOYMENT_TARGET = 14.4;
				LD_RUNPATH_SEARCH_PATHS = (
					"$(inherited)",
					"@executable_path/Frameworks",
					"@loader_path/Frameworks",
				);
				PRODUCT_BUNDLE_IDENTIFIER = ricardo.MarvelCharacterListSampleTests;
				PRODUCT_NAME = "$(TARGET_NAME)";
				SWIFT_VERSION = 5.0;
				TARGETED_DEVICE_FAMILY = "1,2";
				TEST_HOST = "$(BUILT_PRODUCTS_DIR)/MarvelCharacterListSample.app/MarvelCharacterListSample";
			};
			name = Debug;
		};
		2D58BCFD26E2009E0025BD78 /* Release */ = {
			isa = XCBuildConfiguration;
			buildSettings = {
				ALWAYS_EMBED_SWIFT_STANDARD_LIBRARIES = YES;
				BUNDLE_LOADER = "$(TEST_HOST)";
				CODE_SIGN_STYLE = Automatic;
				INFOPLIST_FILE = MarvelCharacterListSampleTests/Info.plist;
				IPHONEOS_DEPLOYMENT_TARGET = 14.4;
				LD_RUNPATH_SEARCH_PATHS = (
					"$(inherited)",
					"@executable_path/Frameworks",
					"@loader_path/Frameworks",
				);
				PRODUCT_BUNDLE_IDENTIFIER = ricardo.MarvelCharacterListSampleTests;
				PRODUCT_NAME = "$(TARGET_NAME)";
				SWIFT_VERSION = 5.0;
				TARGETED_DEVICE_FAMILY = "1,2";
				TEST_HOST = "$(BUILT_PRODUCTS_DIR)/MarvelCharacterListSample.app/MarvelCharacterListSample";
			};
			name = Release;
		};
		2D58BCFF26E2009E0025BD78 /* Debug */ = {
			isa = XCBuildConfiguration;
			buildSettings = {
				ALWAYS_EMBED_SWIFT_STANDARD_LIBRARIES = YES;
				CODE_SIGN_STYLE = Automatic;
				INFOPLIST_FILE = MarvelCharacterListSampleUITests/Info.plist;
				LD_RUNPATH_SEARCH_PATHS = (
					"$(inherited)",
					"@executable_path/Frameworks",
					"@loader_path/Frameworks",
				);
				PRODUCT_BUNDLE_IDENTIFIER = ricardo.MarvelCharacterListSampleUITests;
				PRODUCT_NAME = "$(TARGET_NAME)";
				SWIFT_VERSION = 5.0;
				TARGETED_DEVICE_FAMILY = "1,2";
				TEST_TARGET_NAME = MarvelCharacterListSample;
			};
			name = Debug;
		};
		2D58BD0026E2009E0025BD78 /* Release */ = {
			isa = XCBuildConfiguration;
			buildSettings = {
				ALWAYS_EMBED_SWIFT_STANDARD_LIBRARIES = YES;
				CODE_SIGN_STYLE = Automatic;
				INFOPLIST_FILE = MarvelCharacterListSampleUITests/Info.plist;
				LD_RUNPATH_SEARCH_PATHS = (
					"$(inherited)",
					"@executable_path/Frameworks",
					"@loader_path/Frameworks",
				);
				PRODUCT_BUNDLE_IDENTIFIER = ricardo.MarvelCharacterListSampleUITests;
				PRODUCT_NAME = "$(TARGET_NAME)";
				SWIFT_VERSION = 5.0;
				TARGETED_DEVICE_FAMILY = "1,2";
				TEST_TARGET_NAME = MarvelCharacterListSample;
			};
			name = Release;
		};
/* End XCBuildConfiguration section */

/* Begin XCConfigurationList section */
		2D58BCC926E2009B0025BD78 /* Build configuration list for PBXProject "MarvelCharacterListSample" */ = {
			isa = XCConfigurationList;
			buildConfigurations = (
				2D58BCF626E2009E0025BD78 /* Debug */,
				2D58BCF726E2009E0025BD78 /* Release */,
			);
			defaultConfigurationIsVisible = 0;
			defaultConfigurationName = Release;
		};
		2D58BCF826E2009E0025BD78 /* Build configuration list for PBXNativeTarget "MarvelCharacterListSample" */ = {
			isa = XCConfigurationList;
			buildConfigurations = (
				2D58BCF926E2009E0025BD78 /* Debug */,
				2D58BCFA26E2009E0025BD78 /* Release */,
			);
			defaultConfigurationIsVisible = 0;
			defaultConfigurationName = Release;
		};
		2D58BCFB26E2009E0025BD78 /* Build configuration list for PBXNativeTarget "MarvelCharacterListSampleTests" */ = {
			isa = XCConfigurationList;
			buildConfigurations = (
				2D58BCFC26E2009E0025BD78 /* Debug */,
				2D58BCFD26E2009E0025BD78 /* Release */,
			);
			defaultConfigurationIsVisible = 0;
			defaultConfigurationName = Release;
		};
		2D58BCFE26E2009E0025BD78 /* Build configuration list for PBXNativeTarget "MarvelCharacterListSampleUITests" */ = {
			isa = XCConfigurationList;
			buildConfigurations = (
				2D58BCFF26E2009E0025BD78 /* Debug */,
				2D58BD0026E2009E0025BD78 /* Release */,
			);
			defaultConfigurationIsVisible = 0;
			defaultConfigurationName = Release;
		};
/* End XCConfigurationList section */
	};
	rootObject = 2D58BCC626E2009B0025BD78 /* Project object */;
}
